// !$*UTF8*$!
{
	archiveVersion = 1;
	classes = {
	};
	objectVersion = 73;
	objects = {

/* Begin PBXBuildFile section */
		785509202E098AD400EDDF1C /* AppDelegate.swift in Sources */ = {isa = PBXBuildFile; fileRef = 7861E6D62E021F38005D228A /* AppDelegate.swift */; };
		78550C542E098EC600EDDF1C /* interspace_iosApp.swift in Sources */ = {isa = PBXBuildFile; fileRef = ACBAFBC0CADEC4B3E2D7592B /* interspace_iosApp.swift */; };
		7861E3192E0114AD005D228A /* GoogleService-Info.plist in Resources */ = {isa = PBXBuildFile; fileRef = 7861E2D22E0114AD005D228A /* GoogleService-Info.plist */; };
		7861E31A2E0114AD005D228A /* PrivacyInfo.xcprivacy in Resources */ = {isa = PBXBuildFile; fileRef = 7861E2DD2E0114AD005D228A /* PrivacyInfo.xcprivacy */; };
		7861E31C2E0114AD005D228A /* Assets.xcassets in Resources */ = {isa = PBXBuildFile; fileRef = 7861E2D02E0114AD005D228A /* Assets.xcassets */; };
		789C7C922E02421B00FF5B32 /* metamask-ios-sdk in Frameworks */ = {isa = PBXBuildFile; productRef = 789C7C912E02421B00FF5B32 /* metamask-ios-sdk */; };
		789C7C952E02423600FF5B32 /* GoogleSignIn in Frameworks */ = {isa = PBXBuildFile; productRef = 789C7C942E02423600FF5B32 /* GoogleSignIn */; };
		789C7C972E02424200FF5B32 /* CoinbaseWalletSDK in Frameworks */ = {isa = PBXBuildFile; productRef = 789C7C962E02424200FF5B32 /* CoinbaseWalletSDK */; };
		78CFACFE2E0DEBD900999473 /* ReownWalletKit in Frameworks */ = {isa = PBXBuildFile; productRef = 78CFACFD2E0DEBD900999473 /* ReownWalletKit */; };
		78CFAD002E0DEBD900999473 /* WalletConnect in Frameworks */ = {isa = PBXBuildFile; productRef = 78CFACFF2E0DEBD900999473 /* WalletConnect */; };
		78CFC5602E0ED25600999473 /* ReownWalletKit in Frameworks */ = {isa = PBXBuildFile; productRef = 78CFC55F2E0ED25600999473 /* ReownWalletKit */; };
		78CFC5622E0ED25600999473 /* WalletConnect in Frameworks */ = {isa = PBXBuildFile; productRef = 78CFC5612E0ED25600999473 /* WalletConnect */; };
		78CFC5642E0ED25600999473 /* WalletConnectVerify in Frameworks */ = {isa = PBXBuildFile; productRef = 78CFC5632E0ED25600999473 /* WalletConnectVerify */; };
/* End PBXBuildFile section */

/* Begin PBXContainerItemProxy section */
		41B27E2321BEAD1E88A41709 /* PBXContainerItemProxy */ = {
			isa = PBXContainerItemProxy;
			containerPortal = 83CBB9F71A601CBA00E9B192 /* Project object */;
			proxyType = 1;
			remoteGlobalIDString = 13B07F861A680F5B00A75B9A;
			remoteInfo = Interspace;
		};
		D7066A684A27A0B7C4CFF947 /* PBXContainerItemProxy */ = {
			isa = PBXContainerItemProxy;
			containerPortal = 83CBB9F71A601CBA00E9B192 /* Project object */;
			proxyType = 1;
			remoteGlobalIDString = 13B07F861A680F5B00A75B9A;
			remoteInfo = Interspace;
		};
/* End PBXContainerItemProxy section */

/* Begin PBXFileReference section */
		048F75424F7AB5FE0286572B /* ProfileSwitcherView.swift */ = {isa = PBXFileReference; includeInIndex = 1; lastKnownFileType = sourcecode.swift; name = ProfileSwitcherView.swift; path = Interspace/Views/ProfileSwitcherView.swift; sourceTree = "<group>"; };
		09C45C373E901DCE671CAAB5 /* GoogleSignInService.swift */ = {isa = PBXFileReference; includeInIndex = 1; lastKnownFileType = sourcecode.swift; name = GoogleSignInService.swift; path = Interspace/Services/GoogleSignInService.swift; sourceTree = "<group>"; };
		13B07F961A680F5B00A75B9A /* Interspace.app */ = {isa = PBXFileReference; explicitFileType = wrapper.application; includeInIndex = 0; path = Interspace.app; sourceTree = BUILT_PRODUCTS_DIR; };
		21A38A4A54C97E31E29FF21A /* InterspaceTests.xctest */ = {isa = PBXFileReference; explicitFileType = wrapper.cfbundle; includeInIndex = 0; path = InterspaceTests.xctest; sourceTree = BUILT_PRODUCTS_DIR; };
		26C7BFBBC283EA5CD1CADED5 /* ColorExtensions.swift */ = {isa = PBXFileReference; includeInIndex = 1; lastKnownFileType = sourcecode.swift; name = ColorExtensions.swift; path = Interspace/Supporting/ColorExtensions.swift; sourceTree = "<group>"; };
		2ABEDE5450E6697DB0D00516 /* ProfileIconGenerator.swift */ = {isa = PBXFileReference; includeInIndex = 1; lastKnownFileType = sourcecode.swift; name = ProfileIconGenerator.swift; path = Interspace/Services/ProfileIconGenerator.swift; sourceTree = "<group>"; };
		2BBE0F5B95B718676A35D3A1 /* AddSocialAccountView.swift */ = {isa = PBXFileReference; includeInIndex = 1; lastKnownFileType = sourcecode.swift; name = AddSocialAccountView.swift; path = Interspace/Views/AddSocialAccountView.swift; sourceTree = "<group>"; };
		2D3347869C0188BDC659118F /* GlassEffectModifier.swift */ = {isa = PBXFileReference; includeInIndex = 1; lastKnownFileType = sourcecode.swift; name = GlassEffectModifier.swift; path = Interspace/Views/Modifiers/GlassEffectModifier.swift; sourceTree = "<group>"; };
		2FB482CA57EA52FF8A702D2D /* DesignTokens.swift */ = {isa = PBXFileReference; includeInIndex = 1; lastKnownFileType = sourcecode.swift; name = DesignTokens.swift; path = Interspace/Supporting/DesignTokens.swift; sourceTree = "<group>"; };
		30CA5F53BBF8267FAD9EFB3E /* UserAPI.swift */ = {isa = PBXFileReference; includeInIndex = 1; lastKnownFileType = sourcecode.swift; name = UserAPI.swift; path = Interspace/Services/UserAPI.swift; sourceTree = "<group>"; };
		36ABB42D30CEF24B1C670381 /* AppDelegate.swift */ = {isa = PBXFileReference; includeInIndex = 1; lastKnownFileType = sourcecode.swift; name = AppDelegate.swift; path = Interspace/AppDelegate.swift; sourceTree = "<group>"; };
		36D95A1BFCBB457D2278FC5B /* AppsView.swift */ = {isa = PBXFileReference; includeInIndex = 1; lastKnownFileType = sourcecode.swift; name = AppsView.swift; path = Interspace/Views/AppsView.swift; sourceTree = "<group>"; };
		447EFB8F6095E3CD82AE2BC4 /* ProfileSettingsView.swift */ = {isa = PBXFileReference; includeInIndex = 1; lastKnownFileType = sourcecode.swift; name = ProfileSettingsView.swift; path = Interspace/Views/ProfileSettingsView.swift; sourceTree = "<group>"; };
		479C25737C535CE846D81B25 /* ProfileTestView.swift */ = {isa = PBXFileReference; includeInIndex = 1; lastKnownFileType = sourcecode.swift; name = ProfileTestView.swift; path = Interspace/Views/ProfileTestView.swift; sourceTree = "<group>"; };
		4B48C31BB3065C8B772D8174 /* WalletViewModel.swift */ = {isa = PBXFileReference; includeInIndex = 1; lastKnownFileType = sourcecode.swift; name = WalletViewModel.swift; path = Interspace/ViewModels/WalletViewModel.swift; sourceTree = "<group>"; };
		4C60B75098D4B2F49018EF78 /* VerificationCodeField.swift */ = {isa = PBXFileReference; includeInIndex = 1; lastKnownFileType = sourcecode.swift; path = VerificationCodeField.swift; sourceTree = "<group>"; };
		4D3F30FC409706B5DFB0E226 /* LoadingOverlay.swift */ = {isa = PBXFileReference; includeInIndex = 1; lastKnownFileType = sourcecode.swift; name = LoadingOverlay.swift; path = Interspace/Views/LoadingOverlay.swift; sourceTree = "<group>"; };
		4F983C9B9FA19D22C2381F86 /* ErrorWrapper.swift */ = {isa = PBXFileReference; includeInIndex = 1; lastKnownFileType = sourcecode.swift; name = ErrorWrapper.swift; path = Interspace/Models/ErrorWrapper.swift; sourceTree = "<group>"; };
		503399045E63BDBF3A0C3B9E /* WalletConnectTray.swift */ = {isa = PBXFileReference; includeInIndex = 1; lastKnownFileType = sourcecode.swift; name = WalletConnectTray.swift; path = Interspace/Views/Components/WalletConnectTray.swift; sourceTree = "<group>"; };
		5666348163953C3382274E08 /* AccountDetailView.swift */ = {isa = PBXFileReference; includeInIndex = 1; lastKnownFileType = sourcecode.swift; name = AccountDetailView.swift; path = Interspace/Views/AccountDetailView.swift; sourceTree = "<group>"; };
		57FFED8DBDECA3A6E4D92C9B /* TestGlassEffectView.swift */ = {isa = PBXFileReference; includeInIndex = 1; lastKnownFileType = sourcecode.swift; name = TestGlassEffectView.swift; path = Interspace/Views/TestGlassEffectView.swift; sourceTree = "<group>"; };
		583D9B64F543AC6BA278E720 /* LiquidGlassComponents.swift */ = {isa = PBXFileReference; includeInIndex = 1; lastKnownFileType = sourcecode.swift; name = LiquidGlassComponents.swift; path = Interspace/Views/Components/LiquidGlassComponents.swift; sourceTree = "<group>"; };
		59DCABAB0578659A9EE06A6D /* CreateProfileView.swift */ = {isa = PBXFileReference; includeInIndex = 1; lastKnownFileType = sourcecode.swift; name = CreateProfileView.swift; path = Interspace/Views/CreateProfileView.swift; sourceTree = "<group>"; };
		5AA39C569B48ED5D24A0C223 /* TransactionHistoryView.swift */ = {isa = PBXFileReference; includeInIndex = 1; lastKnownFileType = sourcecode.swift; name = TransactionHistoryView.swift; path = Interspace/Views/TransactionHistoryView.swift; sourceTree = "<group>"; };
		5FA9B882F6DEAE7F2B7A6745 /* AuthViewModel.swift */ = {isa = PBXFileReference; includeInIndex = 1; lastKnownFileType = sourcecode.swift; name = AuthViewModel.swift; path = Interspace/ViewModels/AuthViewModel.swift; sourceTree = "<group>"; };
		6116C6C8E55B0C474CACF021 /* SettingsRow.swift */ = {isa = PBXFileReference; includeInIndex = 1; lastKnownFileType = sourcecode.swift; name = SettingsRow.swift; path = Interspace/Views/Settings/SettingsRow.swift; sourceTree = "<group>"; };
		68FE382353B8AE97B9013ED1 /* AddAccountView.swift */ = {isa = PBXFileReference; includeInIndex = 1; lastKnownFileType = sourcecode.swift; name = AddAccountView.swift; path = Interspace/Views/AddAccountView.swift; sourceTree = "<group>"; };
		69B26294E506A4DF11700863 /* AppleSignInService.swift */ = {isa = PBXFileReference; includeInIndex = 1; lastKnownFileType = sourcecode.swift; name = AppleSignInService.swift; path = Interspace/Services/AppleSignInService.swift; sourceTree = "<group>"; };
		6C07C0813EA54A6423D59A68 /* AuthModels.swift */ = {isa = PBXFileReference; includeInIndex = 1; lastKnownFileType = sourcecode.swift; name = AuthModels.swift; path = Interspace/Models/AuthModels.swift; sourceTree = "<group>"; };
		6F9999CA76DA1D01D689B958 /* AuthService.swift */ = {isa = PBXFileReference; includeInIndex = 1; lastKnownFileType = sourcecode.swift; name = AuthService.swift; path = Interspace/Services/AuthService.swift; sourceTree = "<group>"; };
		75F5608FB1806F3D4B04A488 /* AccountDetailCard.swift */ = {isa = PBXFileReference; includeInIndex = 1; lastKnownFileType = sourcecode.swift; name = AccountDetailCard.swift; path = Interspace/Views/AccountDetailCard.swift; sourceTree = "<group>"; };
		7861E2D02E0114AD005D228A /* Assets.xcassets */ = {isa = PBXFileReference; lastKnownFileType = folder.assetcatalog; path = Assets.xcassets; sourceTree = "<group>"; };
		7861E2D22E0114AD005D228A /* GoogleService-Info.plist */ = {isa = PBXFileReference; lastKnownFileType = text.plist.xml; path = "GoogleService-Info.plist"; sourceTree = "<group>"; };
		7861E2D32E0114AD005D228A /* Info.plist */ = {isa = PBXFileReference; lastKnownFileType = text.plist.xml; path = Info.plist; sourceTree = "<group>"; };
		7861E2D42E0114AD005D228A /* Interspace.entitlements */ = {isa = PBXFileReference; lastKnownFileType = text.plist.entitlements; path = Interspace.entitlements; sourceTree = "<group>"; };
		7861E2D62E0114AD005D228A /* Interspace-Bridging-Header.h */ = {isa = PBXFileReference; lastKnownFileType = sourcecode.c.h; path = "Interspace-Bridging-Header.h"; sourceTree = "<group>"; };
		7861E2DD2E0114AD005D228A /* PrivacyInfo.xcprivacy */ = {isa = PBXFileReference; lastKnownFileType = text.xml; path = PrivacyInfo.xcprivacy; sourceTree = "<group>"; };
		7861E6D62E021F38005D228A /* AppDelegate.swift */ = {isa = PBXFileReference; lastKnownFileType = sourcecode.swift; path = AppDelegate.swift; sourceTree = "<group>"; };
		7A4B7C1CDE74A439A84747E5 /* ProfileListRow.swift */ = {isa = PBXFileReference; includeInIndex = 1; lastKnownFileType = sourcecode.swift; name = ProfileListRow.swift; path = Interspace/Views/Profile/ProfileListRow.swift; sourceTree = "<group>"; };
		85E676AF1A264655C4E4B002 /* ProfileHeaderView.swift */ = {isa = PBXFileReference; includeInIndex = 1; lastKnownFileType = sourcecode.swift; name = ProfileHeaderView.swift; path = Interspace/Views/Profile/ProfileHeaderView.swift; sourceTree = "<group>"; };
		86853859455D0D500F998C64 /* AddAppView.swift */ = {isa = PBXFileReference; includeInIndex = 1; lastKnownFileType = sourcecode.swift; name = AddAppView.swift; path = Interspace/Views/AddAppView.swift; sourceTree = "<group>"; };
		89133C5A0B9F64B0849F6B79 /* SocialAccountDetailView.swift */ = {isa = PBXFileReference; includeInIndex = 1; lastKnownFileType = sourcecode.swift; name = SocialAccountDetailView.swift; path = Interspace/Views/SocialAccountDetailView.swift; sourceTree = "<group>"; };
		8962FE5D2D84A2D6CE99C593 /* DevelopmentModeToggle.swift */ = {isa = PBXFileReference; includeInIndex = 1; lastKnownFileType = sourcecode.swift; path = DevelopmentModeToggle.swift; sourceTree = "<group>"; };
		8A0CA8089A507053FEED0766 /* AuthAPI.swift */ = {isa = PBXFileReference; includeInIndex = 1; lastKnownFileType = sourcecode.swift; name = AuthAPI.swift; path = Interspace/Services/AuthAPI.swift; sourceTree = "<group>"; };
		8E30B1F5DE3EA3CCC24BE0C7 /* SocialAccount.swift */ = {isa = PBXFileReference; includeInIndex = 1; lastKnownFileType = sourcecode.swift; name = SocialAccount.swift; path = Interspace/Models/SocialAccount.swift; sourceTree = "<group>"; };
		912EE163D0E176E2F36651DD /* HomeView.swift */ = {isa = PBXFileReference; includeInIndex = 1; lastKnownFileType = sourcecode.swift; name = HomeView.swift; path = Interspace/Views/HomeView.swift; sourceTree = "<group>"; };
		96C7B47B4FECB92F7DA65ECF /* WalletView.swift */ = {isa = PBXFileReference; includeInIndex = 1; lastKnownFileType = sourcecode.swift; name = WalletView.swift; path = Interspace/Views/WalletView.swift; sourceTree = "<group>"; };
		9A1E378645CC3A0903714A2E /* BottomSheet.swift */ = {isa = PBXFileReference; includeInIndex = 1; lastKnownFileType = sourcecode.swift; name = BottomSheet.swift; path = Interspace/Views/Components/BottomSheet.swift; sourceTree = "<group>"; };
		9D96A6FFAF7311A040A113AA /* WalletService.swift */ = {isa = PBXFileReference; includeInIndex = 1; lastKnownFileType = sourcecode.swift; name = WalletService.swift; path = Interspace/Services/WalletService.swift; sourceTree = "<group>"; };
		9F6A248B15C210869D4EC2A0 /* ProfileAPI.swift */ = {isa = PBXFileReference; includeInIndex = 1; lastKnownFileType = sourcecode.swift; name = ProfileAPI.swift; path = Interspace/Services/ProfileAPI.swift; sourceTree = "<group>"; };
		A9326E74CF6824FA63803A58 /* WalletType.swift */ = {isa = PBXFileReference; includeInIndex = 1; lastKnownFileType = sourcecode.swift; name = WalletType.swift; path = Interspace/Models/WalletType.swift; sourceTree = "<group>"; };
		ACBAFBC0CADEC4B3E2D7592B /* interspace_iosApp.swift */ = {isa = PBXFileReference; includeInIndex = 1; lastKnownFileType = sourcecode.swift; name = interspace_iosApp.swift; path = Interspace/interspace_iosApp.swift; sourceTree = "<group>"; };
		B45F0D32791EF790CB619E0F /* WalletAPI.swift */ = {isa = PBXFileReference; includeInIndex = 1; lastKnownFileType = sourcecode.swift; name = WalletAPI.swift; path = Interspace/Services/WalletAPI.swift; sourceTree = "<group>"; };
		B642A2AA61C8D22750F42424 /* ProfileView.swift */ = {isa = PBXFileReference; includeInIndex = 1; lastKnownFileType = sourcecode.swift; name = ProfileView.swift; path = Interspace/Views/ProfileView.swift; sourceTree = "<group>"; };
		BA1A7245E7FE46BA2531C0DE /* TestView.swift */ = {isa = PBXFileReference; includeInIndex = 1; lastKnownFileType = sourcecode.swift; name = TestView.swift; path = Interspace/Views/TestView.swift; sourceTree = "<group>"; };
		BBB76E0EFB3D1696BFFAEB43 /* SmartProfileModels.swift */ = {isa = PBXFileReference; includeInIndex = 1; lastKnownFileType = sourcecode.swift; name = SmartProfileModels.swift; path = Interspace/Models/SmartProfileModels.swift; sourceTree = "<group>"; };
		C010D0C4EBE51DD44829B3A3 /* APIService.swift */ = {isa = PBXFileReference; includeInIndex = 1; lastKnownFileType = sourcecode.swift; name = APIService.swift; path = Interspace/Services/APIService.swift; sourceTree = "<group>"; };
		C3E0F6D24195645E63AE7169 /* ProfileViewModel.swift */ = {isa = PBXFileReference; includeInIndex = 1; lastKnownFileType = sourcecode.swift; name = ProfileViewModel.swift; path = Interspace/ViewModels/ProfileViewModel.swift; sourceTree = "<group>"; };
		C86A1172601B48B8A85F787B /* SendTokenSheet.swift */ = {isa = PBXFileReference; includeInIndex = 1; lastKnownFileType = sourcecode.swift; name = SendTokenSheet.swift; path = Interspace/Views/SendTokenSheet.swift; sourceTree = "<group>"; };
		CA2D0D241937CA53144184E5 /* DesignSystem.swift */ = {isa = PBXFileReference; includeInIndex = 1; lastKnownFileType = sourcecode.swift; name = DesignSystem.swift; path = Interspace/Supporting/DesignSystem.swift; sourceTree = "<group>"; };
		CCCB05B65B092ED592B64B11 /* AppsViewModel.swift */ = {isa = PBXFileReference; includeInIndex = 1; lastKnownFileType = sourcecode.swift; name = AppsViewModel.swift; path = Interspace/ViewModels/AppsViewModel.swift; sourceTree = "<group>"; };
		D6A3DFC8E56710529441D8CD /* SessionCoordinator.swift */ = {isa = PBXFileReference; includeInIndex = 1; lastKnownFileType = sourcecode.swift; name = SessionCoordinator.swift; path = Interspace/Services/SessionCoordinator.swift; sourceTree = "<group>"; };
		D771C8D6F6E4CC083953278E /* AuthView.swift */ = {isa = PBXFileReference; includeInIndex = 1; lastKnownFileType = sourcecode.swift; name = AuthView.swift; path = Interspace/Views/AuthView.swift; sourceTree = "<group>"; };
		D7D8ED3C1E26C411B664CF08 /* ContentView.swift */ = {isa = PBXFileReference; includeInIndex = 1; lastKnownFileType = sourcecode.swift; name = ContentView.swift; path = Interspace/Views/ContentView.swift; sourceTree = "<group>"; };
		DF3750F9DCC71A3FBF476D8D /* PasskeyService.swift */ = {isa = PBXFileReference; includeInIndex = 1; lastKnownFileType = sourcecode.swift; name = PasskeyService.swift; path = Interspace/Services/PasskeyService.swift; sourceTree = "<group>"; };
		E641F4CC60E4FA65EC487E05 /* KeychainManager.swift */ = {isa = PBXFileReference; includeInIndex = 1; lastKnownFileType = sourcecode.swift; name = KeychainManager.swift; path = Interspace/Services/KeychainManager.swift; sourceTree = "<group>"; };
		E690DB3BB1404ECADD02A01C /* LiquidGlassWalletScanner.swift */ = {isa = PBXFileReference; includeInIndex = 1; lastKnownFileType = sourcecode.swift; name = LiquidGlassWalletScanner.swift; path = Interspace/Views/Components/LiquidGlassWalletScanner.swift; sourceTree = "<group>"; };
		E7EC2C45D2122C03C1EE6CA1 /* AuthenticationManager.swift */ = {isa = PBXFileReference; includeInIndex = 1; lastKnownFileType = sourcecode.swift; name = AuthenticationManager.swift; path = Interspace/Services/AuthenticationManager.swift; sourceTree = "<group>"; };
		EBDFBC02D6301B00B2C35AB3 /* WebBrowserView.swift */ = {isa = PBXFileReference; includeInIndex = 1; lastKnownFileType = sourcecode.swift; name = WebBrowserView.swift; path = Interspace/Views/WebBrowserView.swift; sourceTree = "<group>"; };
		ED297162215061F000B7C4FE /* JavaScriptCore.framework */ = {isa = PBXFileReference; lastKnownFileType = wrapper.framework; name = JavaScriptCore.framework; path = System/Library/Frameworks/JavaScriptCore.framework; sourceTree = SDKROOT; };
		F005B2511CE0C3FACEB3ABA3 /* WalletConnectionView.swift */ = {isa = PBXFileReference; includeInIndex = 1; lastKnownFileType = sourcecode.swift; name = WalletConnectionView.swift; path = Interspace/Views/WalletConnectionView.swift; sourceTree = "<group>"; };
		F016D0A6BF55D67AB989F510 /* SettingsSection.swift */ = {isa = PBXFileReference; includeInIndex = 1; lastKnownFileType = sourcecode.swift; name = SettingsSection.swift; path = Interspace/Views/Settings/SettingsSection.swift; sourceTree = "<group>"; };
		F72C0FAEBAF7C8525D557482 /* InterspaceUITests.xctest */ = {isa = PBXFileReference; explicitFileType = wrapper.cfbundle; includeInIndex = 0; path = InterspaceUITests.xctest; sourceTree = BUILT_PRODUCTS_DIR; };
		FAF5DF490D6A4A2A357F7428 /* EmailAuthView.swift */ = {isa = PBXFileReference; includeInIndex = 1; lastKnownFileType = sourcecode.swift; name = EmailAuthView.swift; path = Interspace/Views/EmailAuthView.swift; sourceTree = "<group>"; };
/* End PBXFileReference section */

/* Begin PBXFileSystemSynchronizedBuildFileExceptionSet section */
		785509932E098AD400EDDF1C /* PBXFileSystemSynchronizedBuildFileExceptionSet */ = {
			isa = PBXFileSystemSynchronizedBuildFileExceptionSet;
			membershipExceptions = (
				AuthModels.swift,
				Environment.swift,
				ErrorWrapper.swift,
				InterspaceCache.xcdatamodeld,
				MPCError.swift,
				SIWEModels.swift,
				SmartProfileModels.swift,
				SocialAccount.swift,
				WalletType.swift,
			);
			target = 13B07F861A680F5B00A75B9A /* Interspace */;
		};
		785509942E098AD400EDDF1C /* PBXFileSystemSynchronizedBuildFileExceptionSet */ = {
			isa = PBXFileSystemSynchronizedBuildFileExceptionSet;
			membershipExceptions = (
				AccountLinkingService.swift,
				APIService.swift,
				AppleSignInService.swift,
				AuthAPI.swift,
				AuthenticationManagerV2.swift,
				AuthService.swift,
				CacheStorageManager.swift,
				DataSyncManager.swift,
				DevelopmentWalletService.swift,
				GoogleSignInService.swift,
				KeychainManager.swift,
				MetadataFetcher.swift,
				MPC/BiometricAuthManager.swift,
				MPC/MPCKeyShareManager.swift,
				MPC/MPCPlaceholderTypes.swift,
				MPC/MPCSecureStorage.swift,
				MPC/MPCSessionManager.swift,
				MPC/MPCWalletService.swift,
				NetworkMonitor.swift,
				PasskeyService.swift,
				ProfileAPI.swift,
				ProfileIconGenerator.swift,
				ServiceInitializer.swift,
				SessionCoordinator.swift,
				UserAPI.swift,
				UserCacheManager.swift,
				WalletAPI.swift,
				WalletConnect/WalletConnectService.swift,
				WalletConnect/WalletConnectSessionManager.swift,
				WalletService.swift,
			);
			target = 13B07F861A680F5B00A75B9A /* Interspace */;
		};
		785509952E098AD400EDDF1C /* PBXFileSystemSynchronizedBuildFileExceptionSet */ = {
			isa = PBXFileSystemSynchronizedBuildFileExceptionSet;
			membershipExceptions = (
				ColorExtensions.swift,
				CoreDataMigration.swift,
				DesignSystem.swift,
				DesignTokens.swift,
				WalletDesignSystem.swift,
			);
			target = 13B07F861A680F5B00A75B9A /* Interspace */;
		};
		785509972E098AD400EDDF1C /* PBXFileSystemSynchronizedBuildFileExceptionSet */ = {
			isa = PBXFileSystemSynchronizedBuildFileExceptionSet;
			membershipExceptions = (
				AppsViewModel.swift,
				AuthViewModel.swift,
				ProfileViewModel.swift,
				WalletViewModel.swift,
			);
			target = 13B07F861A680F5B00A75B9A /* Interspace */;
		};
		785509982E098AD400EDDF1C /* PBXFileSystemSynchronizedBuildFileExceptionSet */ = {
			isa = PBXFileSystemSynchronizedBuildFileExceptionSet;
			membershipExceptions = (
				AccountDetailCard.swift,
				AccountDetailView.swift,
				AddAccountView.swift,
				AddAppView.swift,
				AddSocialAccountView.swift,
				AppsView.swift,
				Authentication/EmailAuthenticationView.swift,
				Authentication/EmailLinkingView.swift,
				AuthView.swift,
				Components/AddToProfileTray.swift,
				Components/AuthLoadingOverlay.swift,
				Components/BottomSheet.swift,
				Components/DevelopmentModeIndicator.swift,
				Components/DevelopmentModeToggle.swift,
				Components/DevelopmentToggle.swift,
				Components/LiquidGlass/LiquidGlassAppIcon.swift,
				Components/LiquidGlass/LiquidGlassFolder.swift,
				Components/LiquidGlass/LiquidGlassMaterial.swift,
				Components/LiquidGlass/SquircleShape.swift,
				Components/LiquidGlassHelpers.swift,
				Components/LiquidGlassLoadingOverlay.swift,
				Components/LiquidGlassWalletScanner.swift,
				Components/LoadingSkeletons.swift,
				Components/NativeCodeInput.swift,
				Components/ProfileSelectorCard.swift,
				Components/QRCodeScannerView.swift,
				Components/SafariNavigationBar.swift,
				Components/SocialConnectionTray.swift,
				Components/Springboard/SpringboardEditMode.swift,
				Components/SpringboardFolderView.swift,
				Components/SpringboardGrid.swift,
				Components/StandardToolbarButtons.swift,
				Components/StatefulAuthorizationTray.swift,
				Components/UniversalAddTray.swift,
				Components/VerificationCodeField.swift,
				Components/WalletConnectionTray.swift,
				Components/WalletConnectTray.swift,
				Components/WebNavigationBar.swift,
				Components/WebProgressBar.swift,
				Components/WebSearchOverlay.swift,
				Components/WebViewTransition.swift,
				ContentView.swift,
				DebugOverlay.swift,
				HomeView.swift,
				LoadingOverlay.swift,
				Modifiers/DevelopmentModeModifier.swift,
				Modifiers/GlassEffectModifier.swift,
				Modifiers/LiquidGlassTextFieldStyle.swift,
				Modifiers/ScrollOffsetModifier.swift,
				Modifiers/ShakeDetector.swift,
				OnboardingView.swift,
				Profile/MPCTransactionApprovalView.swift,
				Profile/MPCWalletSetupView.swift,
				Profile/ProfileAboutView.swift,
				Profile/ProfileDetailView.swift,
				Profile/ProfileHeaderView.swift,
				Profile/ProfileNotificationsView.swift,
				Profile/ProfileSecurityView.swift,
				ProfileCreationTray.swift,
				ProfileIconPicker.swift,
				ProfileSelectorTray.swift,
				ProfileSettingsView.swift,
				ProfileSwitcherView.swift,
				ProfileView.swift,
				SendTokenSheet.swift,
				Settings/DeveloperSettingsView.swift,
				Settings/SettingsRow.swift,
				Settings/SettingsSection.swift,
				Settings/WalletSecurityView.swift,
				SocialAccountDetailView.swift,
				Wallet/BalanceCardView.swift,
				Wallet/BalanceDisplayView.swift,
				Wallet/NFTGalleryView.swift,
				Wallet/TokenListView.swift,
				Wallet/TransactionHistoryView.swift,
				WalletAuthenticationView.swift,
				WalletConnectionView.swift,
				WalletView.swift,
				WalletViewRedesigned.swift,
				WebBrowserView.swift,
			);
			target = 13B07F861A680F5B00A75B9A /* Interspace */;
		};
/* End PBXFileSystemSynchronizedBuildFileExceptionSet section */

/* Begin PBXFileSystemSynchronizedGroupBuildPhaseMembershipExceptionSet section */
		785509962E098AD400EDDF1C /* PBXFileSystemSynchronizedGroupBuildPhaseMembershipExceptionSet */ = {
			isa = PBXFileSystemSynchronizedGroupBuildPhaseMembershipExceptionSet;
			buildPhase = 13B07F871A680F5B00A75B9A /* Sources */;
			membershipExceptions = (
				BuildConfiguration.xcconfig,
			);
		};
/* End PBXFileSystemSynchronizedGroupBuildPhaseMembershipExceptionSet section */

/* Begin PBXFileSystemSynchronizedRootGroup section */
		7861E4182E011AA5005D228A /* Models */ = {isa = PBXFileSystemSynchronizedRootGroup; exceptions = (785509932E098AD400EDDF1C /* PBXFileSystemSynchronizedBuildFileExceptionSet */, ); explicitFileTypes = {}; explicitFolders = (); path = Models; sourceTree = "<group>"; };
		7861E4262E011AA5005D228A /* Services */ = {isa = PBXFileSystemSynchronizedRootGroup; exceptions = (785509942E098AD400EDDF1C /* PBXFileSystemSynchronizedBuildFileExceptionSet */, ); explicitFileTypes = {}; explicitFolders = (); path = Services; sourceTree = "<group>"; };
		7861E42A2E011AA5005D228A /* Supporting */ = {isa = PBXFileSystemSynchronizedRootGroup; exceptions = (785509952E098AD400EDDF1C /* PBXFileSystemSynchronizedBuildFileExceptionSet */, 785509962E098AD400EDDF1C /* PBXFileSystemSynchronizedGroupBuildPhaseMembershipExceptionSet */, ); explicitFileTypes = {}; explicitFolders = (); path = Supporting; sourceTree = "<group>"; };
		7861E42F2E011AA5005D228A /* ViewModels */ = {isa = PBXFileSystemSynchronizedRootGroup; exceptions = (785509972E098AD400EDDF1C /* PBXFileSystemSynchronizedBuildFileExceptionSet */, ); explicitFileTypes = {}; explicitFolders = (); path = ViewModels; sourceTree = "<group>"; };
		7861E4532E011AA5005D228A /* Views */ = {isa = PBXFileSystemSynchronizedRootGroup; exceptions = (785509982E098AD400EDDF1C /* PBXFileSystemSynchronizedBuildFileExceptionSet */, ); explicitFileTypes = {}; explicitFolders = (); path = Views; sourceTree = "<group>"; };
		787BF3742E038D0A0013A88C /* Extensions */ = {isa = PBXFileSystemSynchronizedRootGroup; explicitFileTypes = {}; explicitFolders = (); path = Extensions; sourceTree = "<group>"; };
/* End PBXFileSystemSynchronizedRootGroup section */

/* Begin PBXFrameworksBuildPhase section */
		13B07F8C1A680F5B00A75B9A /* Frameworks */ = {
			isa = PBXFrameworksBuildPhase;
			buildActionMask = 2147483647;
			files = (
				78CFC5642E0ED25600999473 /* WalletConnectVerify in Frameworks */,
				78CFAD002E0DEBD900999473 /* WalletConnect in Frameworks */,
				78CFC5602E0ED25600999473 /* ReownWalletKit in Frameworks */,
				789C7C972E02424200FF5B32 /* CoinbaseWalletSDK in Frameworks */,
				789C7C922E02421B00FF5B32 /* metamask-ios-sdk in Frameworks */,
				78CFC5622E0ED25600999473 /* WalletConnect in Frameworks */,
				78CFACFE2E0DEBD900999473 /* ReownWalletKit in Frameworks */,
				789C7C952E02423600FF5B32 /* GoogleSignIn in Frameworks */,
			);
			runOnlyForDeploymentPostprocessing = 0;
		};
		745DF597A4D1F4F25233A4A2 /* Frameworks */ = {
			isa = PBXFrameworksBuildPhase;
			buildActionMask = 2147483647;
			files = (
			);
			runOnlyForDeploymentPostprocessing = 0;
		};
		7A6085921CC7E82BCA83FD6A /* Frameworks */ = {
			isa = PBXFrameworksBuildPhase;
			buildActionMask = 2147483647;
			files = (
			);
			runOnlyForDeploymentPostprocessing = 0;
		};
/* End PBXFrameworksBuildPhase section */

/* Begin PBXGroup section */
		00283139F24257DEDF8D2A73 /* Views */ = {
			isa = PBXGroup;
			children = (
				F3E6133E5182361D1D7ACC4A /* Components */,
			);
			name = Views;
			sourceTree = "<group>";
		};
		00C283F7044F3314448CA14F /* Components */ = {
			isa = PBXGroup;
			children = (
			);
			name = Components;
			sourceTree = "<group>";
		};
		0128499AAB3095560B6B6000 /* Services */ = {
			isa = PBXGroup;
			children = (
				9F6A248B15C210869D4EC2A0 /* ProfileAPI.swift */,
			);
			name = Services;
			sourceTree = "<group>";
		};
		01D1D11FDAA7ED2D52D2AC5D /* Models */ = {
			isa = PBXGroup;
			children = (
				6C07C0813EA54A6423D59A68 /* AuthModels.swift */,
			);
			name = Models;
			sourceTree = "<group>";
		};
		033CF36A071F57205740538A /* Views */ = {
			isa = PBXGroup;
			children = (
			);
			name = Views;
			sourceTree = "<group>";
		};
		06D880BEE284F57231C8E09F /* Supporting */ = {
			isa = PBXGroup;
			children = (
			);
			name = Supporting;
			sourceTree = "<group>";
		};
		0830E705925FC3AD497E4950 /* Views */ = {
			isa = PBXGroup;
			children = (
				A65D44EA47C05DB18699FF11 /* Settings */,
			);
			name = Views;
			sourceTree = "<group>";
		};
		0B71E892EC7A93A68953D20A /* ViewModels */ = {
			isa = PBXGroup;
			children = (
			);
			name = ViewModels;
			sourceTree = "<group>";
		};
		0D7C48162D74FC4E5D20A3CB /* Models */ = {
			isa = PBXGroup;
			children = (
			);
			name = Models;
			sourceTree = "<group>";
		};
		0D9C6AA53E9899275ED73178 /* Views */ = {
			isa = PBXGroup;
			children = (
			);
			name = Views;
			sourceTree = "<group>";
		};
		0ECF4BF045EF96CD3C059101 /* Views */ = {
			isa = PBXGroup;
			children = (
				00C283F7044F3314448CA14F /* Components */,
			);
			name = Views;
			sourceTree = "<group>";
		};
		0F6632B6A601959BC39276BC /* Views */ = {
			isa = PBXGroup;
			children = (
			);
			name = Views;
			sourceTree = "<group>";
		};
		1153319B9C515E4D5ED6BDDF /* Views */ = {
			isa = PBXGroup;
			children = (
				D771C8D6F6E4CC083953278E /* AuthView.swift */,
			);
			name = Views;
			sourceTree = "<group>";
		};
		138539E2632E22C89997C4BB /* Modifiers */ = {
			isa = PBXGroup;
			children = (
				2D3347869C0188BDC659118F /* GlassEffectModifier.swift */,
			);
			name = Modifiers;
			sourceTree = "<group>";
		};
		1476657F912241E64CC77513 /* Views */ = {
			isa = PBXGroup;
			children = (
			);
			name = Views;
			sourceTree = "<group>";
		};
		150A3719B1FC05D328F89F35 /* Services */ = {
			isa = PBXGroup;
			children = (
			);
			name = Services;
			sourceTree = "<group>";
		};
		15E1B46930F985E6FC681FC0 /* ViewModels */ = {
			isa = PBXGroup;
			children = (
				CCCB05B65B092ED592B64B11 /* AppsViewModel.swift */,
			);
			name = ViewModels;
			sourceTree = "<group>";
		};
		18CBA80016AD482008C670F3 /* Views */ = {
			isa = PBXGroup;
			children = (
			);
			name = Views;
			sourceTree = "<group>";
		};
		193CD82EF131E69529D952E5 /* Views */ = {
			isa = PBXGroup;
			children = (
			);
			name = Views;
			sourceTree = "<group>";
		};
		1979F409AD4FE06943AC080B /* Views */ = {
			isa = PBXGroup;
			children = (
			);
			name = Views;
			sourceTree = "<group>";
		};
		1AD831FF4B50D0A3F9F01FF4 /* Views */ = {
			isa = PBXGroup;
			children = (
			);
			name = Views;
			sourceTree = "<group>";
		};
		1B531E3B6D74A0BA5713D0AA /* Models */ = {
			isa = PBXGroup;
			children = (
			);
			name = Models;
			sourceTree = "<group>";
		};
		1E2300FCA34DD3BD677F9A28 /* Supporting */ = {
			isa = PBXGroup;
			children = (
			);
			name = Supporting;
			sourceTree = "<group>";
		};
		1EA23EFA0598C68E3CA69B24 /* Models */ = {
			isa = PBXGroup;
			children = (
			);
			name = Models;
			sourceTree = "<group>";
		};
		20F83C2688BC864837A87242 /* Views */ = {
			isa = PBXGroup;
			children = (
			);
			name = Views;
			sourceTree = "<group>";
		};
		2135CE70F7BC495A5C532AC5 /* Settings */ = {
			isa = PBXGroup;
			children = (
			);
			name = Settings;
			sourceTree = "<group>";
		};
		23A4BC9E581214259FB1BABB /* Profile */ = {
			isa = PBXGroup;
			children = (
				7A4B7C1CDE74A439A84747E5 /* ProfileListRow.swift */,
			);
			name = Profile;
			sourceTree = "<group>";
		};
		2435D62761F38329C483A5B1 /* Views */ = {
			isa = PBXGroup;
			children = (
				FB36A825FF59562D0B734AAE /* Profile */,
			);
			name = Views;
			sourceTree = "<group>";
		};
		249B9BE57EA5903D645E224A /* Views */ = {
			isa = PBXGroup;
			children = (
			);
			name = Views;
			sourceTree = "<group>";
		};
		24F5279D2578E681E82769C3 /* Views */ = {
			isa = PBXGroup;
			children = (
			);
			name = Views;
			sourceTree = "<group>";
		};
		2552140DD3C47EE17B016A15 /* Views */ = {
			isa = PBXGroup;
			children = (
				479C25737C535CE846D81B25 /* ProfileTestView.swift */,
			);
			name = Views;
			sourceTree = "<group>";
		};
		262E1A43D7271A421EB3048B /* Views */ = {
			isa = PBXGroup;
			children = (
				FBA2F3EA1E0CCC3DC782FDC1 /* Components */,
			);
			name = Views;
			sourceTree = "<group>";
		};
		2875DB936B6E56D299C04CA3 /* Views */ = {
			isa = PBXGroup;
			children = (
			);
			name = Views;
			sourceTree = "<group>";
		};
		2A20D92EFEEA3735D68C0D34 /* Views */ = {
			isa = PBXGroup;
			children = (
				B236247170B231CB3F88171F /* Profile */,
			);
			name = Views;
			sourceTree = "<group>";
		};
		2B2E0764860C76146EE0F63D /* Services */ = {
			isa = PBXGroup;
			children = (
			);
			name = Services;
			sourceTree = "<group>";
		};
		2C77859CF4DF7152E2CB06C1 /* Settings */ = {
			isa = PBXGroup;
			children = (
			);
			name = Settings;
			sourceTree = "<group>";
		};
		2D16E6871FA4F8E400B85C8A /* Frameworks */ = {
			isa = PBXGroup;
			children = (
				ED297162215061F000B7C4FE /* JavaScriptCore.framework */,
			);
			name = Frameworks;
			sourceTree = "<group>";
		};
		2E16E09CFEDA709B72A56DC3 /* Services */ = {
			isa = PBXGroup;
			children = (
				E7EC2C45D2122C03C1EE6CA1 /* AuthenticationManager.swift */,
			);
			name = Services;
			sourceTree = "<group>";
		};
		2F2FD23E17F007F618F23EA8 /* Services */ = {
			isa = PBXGroup;
			children = (
			);
			name = Services;
			sourceTree = "<group>";
		};
		3058F9A16E7751C1C0340D55 /* Views */ = {
			isa = PBXGroup;
			children = (
			);
			name = Views;
			sourceTree = "<group>";
		};
		308B267D930F4E90536C41A9 /* Views */ = {
			isa = PBXGroup;
			children = (
				2135CE70F7BC495A5C532AC5 /* Settings */,
			);
			name = Views;
			sourceTree = "<group>";
		};
		3355D5F164724131049CD77C /* Services */ = {
			isa = PBXGroup;
			children = (
			);
			name = Services;
			sourceTree = "<group>";
		};
		345EF1E05B0933158C59A5DD /* Views */ = {
			isa = PBXGroup;
			children = (
				D7D8ED3C1E26C411B664CF08 /* ContentView.swift */,
			);
			name = Views;
			sourceTree = "<group>";
		};
		3754843E944A67590A066A93 /* Services */ = {
			isa = PBXGroup;
			children = (
			);
			name = Services;
			sourceTree = "<group>";
		};
		382A5D89BCF58F11C4BA5D57 /* Views */ = {
			isa = PBXGroup;
			children = (
				CABDAC609FB85E11A79456CC /* Settings */,
			);
			name = Views;
			sourceTree = "<group>";
		};
		3CEFBE9EAE7BFD3B431CF415 /* Models */ = {
			isa = PBXGroup;
			children = (
				BBB76E0EFB3D1696BFFAEB43 /* SmartProfileModels.swift */,
			);
			name = Models;
			sourceTree = "<group>";
		};
		3DEC040FAE1EAE33B075B4AA /* Components */ = {
			isa = PBXGroup;
			children = (
				583D9B64F543AC6BA278E720 /* LiquidGlassComponents.swift */,
			);
			name = Components;
			sourceTree = "<group>";
		};
		3EA4D3B76594ABD6C4A066E3 /* Services */ = {
			isa = PBXGroup;
			children = (
				D6A3DFC8E56710529441D8CD /* SessionCoordinator.swift */,
			);
			name = Services;
			sourceTree = "<group>";
		};
		3FAA2C6CCF56509574AAF2A0 /* Services */ = {
			isa = PBXGroup;
			children = (
			);
			name = Services;
			sourceTree = "<group>";
		};
		400A283E77C14E7E3D2E3B5B /* Services */ = {
			isa = PBXGroup;
			children = (
				6F9999CA76DA1D01D689B958 /* AuthService.swift */,
			);
			name = Services;
			sourceTree = "<group>";
		};
		40379978C0ED1966C96D6B7A /* Views */ = {
			isa = PBXGroup;
			children = (
			);
			name = Views;
			sourceTree = "<group>";
		};
		40A0DCBFB907A4E797E3D19E /* Views */ = {
			isa = PBXGroup;
			children = (
				96C7B47B4FECB92F7DA65ECF /* WalletView.swift */,
			);
			name = Views;
			sourceTree = "<group>";
		};
		40EBC247B225E2E96592399A /* Views */ = {
			isa = PBXGroup;
			children = (
				8D9146459DE6F1DCC526A782 /* Modifiers */,
			);
			name = Views;
			sourceTree = "<group>";
		};
		43DB73BE96408BD5036EA3A9 /* Services */ = {
			isa = PBXGroup;
			children = (
			);
			name = Services;
			sourceTree = "<group>";
		};
		447525902E14BF7B6A49AEB2 /* Views */ = {
			isa = PBXGroup;
			children = (
				7BE3A6AE27E751CA963EF356 /* Components */,
			);
			name = Views;
			sourceTree = "<group>";
		};
		46DB55B3E22850FE6CA9636D /* Services */ = {
			isa = PBXGroup;
			children = (
				DF3750F9DCC71A3FBF476D8D /* PasskeyService.swift */,
			);
			name = Services;
			sourceTree = "<group>";
		};
		4B4D63A96E94E2C2EB63DC25 /* Views */ = {
			isa = PBXGroup;
			children = (
				86853859455D0D500F998C64 /* AddAppView.swift */,
			);
			name = Views;
			sourceTree = "<group>";
		};
		4C003741F9B365AF088B6F00 /* Supporting */ = {
			isa = PBXGroup;
			children = (
				2FB482CA57EA52FF8A702D2D /* DesignTokens.swift */,
			);
			name = Supporting;
			sourceTree = "<group>";
		};
		4D656B0504DDA6A8E93280F9 /* Views */ = {
			isa = PBXGroup;
			children = (
				7969BC0ADA4DF0E6F551ED71 /* Components */,
			);
			name = Views;
			sourceTree = "<group>";
		};
		4F0D93FFC73D9EEBC364BC64 /* Views */ = {
			isa = PBXGroup;
			children = (
				2C77859CF4DF7152E2CB06C1 /* Settings */,
			);
			name = Views;
			sourceTree = "<group>";
		};
		508E81898E71A4738779BDBF /* Components */ = {
			isa = PBXGroup;
			children = (
				E690DB3BB1404ECADD02A01C /* LiquidGlassWalletScanner.swift */,
			);
			name = Components;
			sourceTree = "<group>";
		};
		50EABF421799A4C3958DA163 /* Supporting */ = {
			isa = PBXGroup;
			children = (
			);
			name = Supporting;
			sourceTree = "<group>";
		};
		510CFD36F06044593703187C /* Services */ = {
			isa = PBXGroup;
			children = (
			);
			name = Services;
			sourceTree = "<group>";
		};
		5727134EC23679F112CFD66D /* Services */ = {
			isa = PBXGroup;
			children = (
				E641F4CC60E4FA65EC487E05 /* KeychainManager.swift */,
			);
			name = Services;
			sourceTree = "<group>";
		};
		582B14C7C6573FA2B03CBF09 /* Views */ = {
			isa = PBXGroup;
			children = (
			);
			name = Views;
			sourceTree = "<group>";
		};
		59B2B5BD31677E8817B984D1 /* ViewModels */ = {
			isa = PBXGroup;
			children = (
			);
			name = ViewModels;
			sourceTree = "<group>";
		};
		5C8C7537001D0498EE8D52AB /* Views */ = {
			isa = PBXGroup;
			children = (
			);
			name = Views;
			sourceTree = "<group>";
		};
		5D1715F97C31633904437B3A /* ViewModels */ = {
			isa = PBXGroup;
			children = (
				4B48C31BB3065C8B772D8174 /* WalletViewModel.swift */,
			);
			name = ViewModels;
			sourceTree = "<group>";
		};
		5D5D2A8C064451181C714BB5 /* Views */ = {
			isa = PBXGroup;
			children = (
			);
			name = Views;
			sourceTree = "<group>";
		};
		60B24A31097EE9079E232D44 /* Views */ = {
			isa = PBXGroup;
			children = (
			);
			name = Views;
			sourceTree = "<group>";
		};
		61D332F2FD669FA6B7E704EB /* Views */ = {
			isa = PBXGroup;
			children = (
			);
			name = Views;
			sourceTree = "<group>";
		};
		64821F7524F203FEF2710093 /* Views */ = {
			isa = PBXGroup;
			children = (
			);
			name = Views;
			sourceTree = "<group>";
		};
		6666C33EFD0BE50A209AA747 /* Views */ = {
			isa = PBXGroup;
			children = (
				5AA39C569B48ED5D24A0C223 /* TransactionHistoryView.swift */,
			);
			name = Views;
			sourceTree = "<group>";
		};
		669C6DFBF36E94D35F677E81 /* Services */ = {
			isa = PBXGroup;
			children = (
			);
			name = Services;
			sourceTree = "<group>";
		};
		66D1156BA469C9E2A7F15BFC /* ViewModels */ = {
			isa = PBXGroup;
			children = (
			);
			name = ViewModels;
			sourceTree = "<group>";
		};
		66D36A5F90E6F88FBB364CF2 /* Supporting */ = {
			isa = PBXGroup;
			children = (
				CA2D0D241937CA53144184E5 /* DesignSystem.swift */,
			);
			name = Supporting;
			sourceTree = "<group>";
		};
		68ECBD2BE270336D3DA07F94 /* Views */ = {
			isa = PBXGroup;
			children = (
				9AADBC160CD5C3FB9E331EB7 /* Components */,
			);
			name = Views;
			sourceTree = "<group>";
		};
		6995B72411FAE25C29090647 /* Views */ = {
			isa = PBXGroup;
			children = (
			);
			name = Views;
			sourceTree = "<group>";
		};
		6AC4CC1706246CD1A9C0C8CC /* Models */ = {
			isa = PBXGroup;
			children = (
			);
			name = Models;
			sourceTree = "<group>";
		};
		6F586B2F68A44C23323E227B /* Views */ = {
			isa = PBXGroup;
			children = (
				048F75424F7AB5FE0286572B /* ProfileSwitcherView.swift */,
			);
			name = Views;
			sourceTree = "<group>";
		};
		6F8B0A3BF96366ADF66ED95D /* Supporting */ = {
			isa = PBXGroup;
			children = (
			);
			name = Supporting;
			sourceTree = "<group>";
		};
		70F55C662CD1F2999A8029CA /* ViewModels */ = {
			isa = PBXGroup;
			children = (
			);
			name = ViewModels;
			sourceTree = "<group>";
		};
		71AE9709BFE9E7A39FA1D51D /* Settings */ = {
			isa = PBXGroup;
			children = (
				F016D0A6BF55D67AB989F510 /* SettingsSection.swift */,
			);
			name = Settings;
			sourceTree = "<group>";
		};
		7232B92A487993B792C6B813 /* Models */ = {
			isa = PBXGroup;
			children = (
				8E30B1F5DE3EA3CCC24BE0C7 /* SocialAccount.swift */,
			);
			name = Models;
			sourceTree = "<group>";
		};
		7289AFD1A4C4D723860639C6 /* Views */ = {
			isa = PBXGroup;
			children = (
			);
			name = Views;
			sourceTree = "<group>";
		};
		750E48C4C90E8C37227D0B11 /* Components */ = {
			isa = PBXGroup;
			children = (
			);
			name = Components;
			sourceTree = "<group>";
		};
		75AA37898A9726F5643A3D56 /* Views */ = {
			isa = PBXGroup;
			children = (
				447EFB8F6095E3CD82AE2BC4 /* ProfileSettingsView.swift */,
			);
			name = Views;
			sourceTree = "<group>";
		};
		76AFBA843A15E0205D3BD7ED /* Views */ = {
			isa = PBXGroup;
			children = (
			);
			name = Views;
			sourceTree = "<group>";
		};
		77A6692D22240CD03AB45C8A /* Services */ = {
			isa = PBXGroup;
			children = (
			);
			name = Services;
			sourceTree = "<group>";
		};
		780212432E00478000A47913 /* Interspace */ = {
			isa = PBXGroup;
			children = (
				787BF3742E038D0A0013A88C /* Extensions */,
				7861E6D62E021F38005D228A /* AppDelegate.swift */,
				7861E4182E011AA5005D228A /* Models */,
				7861E4262E011AA5005D228A /* Services */,
				7861E42A2E011AA5005D228A /* Supporting */,
				7861E42F2E011AA5005D228A /* ViewModels */,
				7861E4532E011AA5005D228A /* Views */,
				7861E2D02E0114AD005D228A /* Assets.xcassets */,
				7861E2D22E0114AD005D228A /* GoogleService-Info.plist */,
				7861E2D32E0114AD005D228A /* Info.plist */,
				7861E2D42E0114AD005D228A /* Interspace.entitlements */,
				7861E2D62E0114AD005D228A /* Interspace-Bridging-Header.h */,
				7861E2DD2E0114AD005D228A /* PrivacyInfo.xcprivacy */,
			);
			path = Interspace;
			sourceTree = "<group>";
		};
		78545FEEAC407121CF905C63 /* Views */ = {
			isa = PBXGroup;
			children = (
			);
			name = Views;
			sourceTree = "<group>";
		};
		7969BC0ADA4DF0E6F551ED71 /* Components */ = {
			isa = PBXGroup;
			children = (
			);
			name = Components;
			sourceTree = "<group>";
		};
		79E6A6FC6FEC47CDE5EA838C /* Models */ = {
			isa = PBXGroup;
			children = (
			);
			name = Models;
			sourceTree = "<group>";
		};
		7AB76E4F1A22318D4894918A /* Settings */ = {
			isa = PBXGroup;
			children = (
			);
			name = Settings;
			sourceTree = "<group>";
		};
		7BBCF48DC4765A2B263FB0F0 /* Views */ = {
			isa = PBXGroup;
			children = (
				CA7C637BBF72C50710F43C8D /* Profile */,
			);
			name = Views;
			sourceTree = "<group>";
		};
		7BE3A6AE27E751CA963EF356 /* Components */ = {
			isa = PBXGroup;
			children = (
				9A1E378645CC3A0903714A2E /* BottomSheet.swift */,
			);
			name = Components;
			sourceTree = "<group>";
		};
		7CDD97234A1D5D72E59F999E /* Services */ = {
			isa = PBXGroup;
			children = (
				C010D0C4EBE51DD44829B3A3 /* APIService.swift */,
			);
			name = Services;
			sourceTree = "<group>";
		};
		7DB14B8946D54828AE1A5B2E /* Views */ = {
			isa = PBXGroup;
			children = (
			);
			name = Views;
			sourceTree = "<group>";
		};
		831EB3816DD8E95EE952AAA3 /* Views */ = {
			isa = PBXGroup;
			children = (
				B642A2AA61C8D22750F42424 /* ProfileView.swift */,
			);
			name = Views;
			sourceTree = "<group>";
		};
		832341AE1AAA6A7D00B99B32 /* Libraries */ = {
			isa = PBXGroup;
			children = (
			);
			name = Libraries;
			sourceTree = "<group>";
		};
		83CBB9F61A601CBA00E9B192 = {
			isa = PBXGroup;
			children = (
				780212432E00478000A47913 /* Interspace */,
				832341AE1AAA6A7D00B99B32 /* Libraries */,
				83CBBA001A601CBA00E9B192 /* Products */,
				2D16E6871FA4F8E400B85C8A /* Frameworks */,
				99A08728DE19FEF71A7027BD /* Pods */,
				79E6A6FC6FEC47CDE5EA838C /* Models */,
				6AC4CC1706246CD1A9C0C8CC /* Models */,
				B078E3CDBE8476E799DFF495 /* Models */,
				D8B7F2B5100102BED8580B98 /* Models */,
				CDF9ED3D05CE305EAA6A83CE /* Models */,
				3FAA2C6CCF56509574AAF2A0 /* Services */,
				150A3719B1FC05D328F89F35 /* Services */,
				510CFD36F06044593703187C /* Services */,
				91B5E8FACB1EE801CD4F08A7 /* Services */,
				3754843E944A67590A066A93 /* Services */,
				93FF1D207231A0C0D179C011 /* Services */,
				A3CA62B25A0BF3308617E660 /* Services */,
				3355D5F164724131049CD77C /* Services */,
				D7D5A6DD6467C9B36817FD03 /* Services */,
				669C6DFBF36E94D35F677E81 /* Services */,
				F6A25FFB6420614BABB2078C /* Services */,
				840342B533641A34ECA8FADC /* Services */,
				9280873B04C92CE4371D67E4 /* Services */,
				E3ACB60B55024C8A4F3415F1 /* Supporting */,
				50EABF421799A4C3958DA163 /* Supporting */,
				1E2300FCA34DD3BD677F9A28 /* Supporting */,
				A00E728F896936094CD31164 /* ViewModels */,
				70F55C662CD1F2999A8029CA /* ViewModels */,
				90CD1BF06E7B63FBD59413AF /* ViewModels */,
				0B71E892EC7A93A68953D20A /* ViewModels */,
				C2937E85C52D91534596E1D7 /* Views */,
				40379978C0ED1966C96D6B7A /* Views */,
				860B27017BD60866A118165F /* Views */,
				61D332F2FD669FA6B7E704EB /* Views */,
				20F83C2688BC864837A87242 /* Views */,
				0D9C6AA53E9899275ED73178 /* Views */,
				855946A4B36D766922CF8FF2 /* Views */,
				A5B7E228276FBBD1ECE475A8 /* Views */,
				FA07B9DA48FC8F756800CC5B /* Views */,
				00283139F24257DEDF8D2A73 /* Views */,
				033CF36A071F57205740538A /* Views */,
				94508B40D27AFFE16015F3E5 /* Views */,
				DA5A574A3CB00D4C7B1E11F4 /* Views */,
				C9E89D8C9DFF9A78B64D9788 /* Views */,
				76AFBA843A15E0205D3BD7ED /* Views */,
				A02306A67CFC0FDCCEA8DECC /* Views */,
				7BBCF48DC4765A2B263FB0F0 /* Views */,
				64821F7524F203FEF2710093 /* Views */,
				D26EA3BD87EE9640D85A1F29 /* Views */,
				7DB14B8946D54828AE1A5B2E /* Views */,
				0F6632B6A601959BC39276BC /* Views */,
				C390F6E5F480BCB882FF5E5D /* Views */,
				308B267D930F4E90536C41A9 /* Views */,
				0830E705925FC3AD497E4950 /* Views */,
				6995B72411FAE25C29090647 /* Views */,
				E7975DCD5211D3200ACE71A1 /* Views */,
				D188B87382E74EE4B9A727AB /* Views */,
				1979F409AD4FE06943AC080B /* Views */,
				193CD82EF131E69529D952E5 /* Views */,
				3058F9A16E7751C1C0340D55 /* Views */,
				5D5D2A8C064451181C714BB5 /* Views */,
				DFDDE5C6C4F1E76D03F5F123 /* Models */,
				1B531E3B6D74A0BA5713D0AA /* Models */,
				1EA23EFA0598C68E3CA69B24 /* Models */,
				975C4324D59F333F9BB8A8C5 /* Models */,
				0D7C48162D74FC4E5D20A3CB /* Models */,
				77A6692D22240CD03AB45C8A /* Services */,
				AA115DF685C5F3A2BC104FA8 /* Services */,
				D60259567522BE7FE2ADC0F5 /* Services */,
				CF22FBF435762B9D6EA34120 /* Services */,
				B205222403FF7B7A3D4EAD36 /* Services */,
				2B2E0764860C76146EE0F63D /* Services */,
				E0642B91EDDAB29C9B2727B2 /* Services */,
				D524262A7199B848F163D81A /* Services */,
				43DB73BE96408BD5036EA3A9 /* Services */,
				A54BD36E4B6ECA31684134FE /* Services */,
				2F2FD23E17F007F618F23EA8 /* Services */,
				E8B4C724FCCF0165EFBEA0EB /* Services */,
				930DE0513445BAC79F565184 /* Services */,
				C28DF8DE0BD269562335CF09 /* Services */,
				6F8B0A3BF96366ADF66ED95D /* Supporting */,
				84FA5F15D5CB8E7B01CA9EB6 /* Supporting */,
				06D880BEE284F57231C8E09F /* Supporting */,
				EEAC6029060574D67A746CC8 /* ViewModels */,
				66D1156BA469C9E2A7F15BFC /* ViewModels */,
				FEC0AB70A5BBE9FCFD8C151C /* ViewModels */,
				59B2B5BD31677E8817B984D1 /* ViewModels */,
				2875DB936B6E56D299C04CA3 /* Views */,
				249B9BE57EA5903D645E224A /* Views */,
				E72EFFD8944B5B2D5D34C6A6 /* Views */,
				78545FEEAC407121CF905C63 /* Views */,
				9A8FA28391BDEC2F2C596F5C /* Views */,
				582B14C7C6573FA2B03CBF09 /* Views */,
				977DB6DE6B4A480E8EF8AD5C /* Views */,
				68ECBD2BE270336D3DA07F94 /* Views */,
				A6CA8BAC5F74934DAB13ECCC /* Views */,
				0ECF4BF045EF96CD3C059101 /* Views */,
				4D656B0504DDA6A8E93280F9 /* Views */,
				262E1A43D7271A421EB3048B /* Views */,
				B122C82E8E4C1D08B64FBE2A /* Views */,
				60B24A31097EE9079E232D44 /* Views */,
				7289AFD1A4C4D723860639C6 /* Views */,
				F17A7FC9849DBB9E55D0CC2F /* Views */,
				C0EB91762222B60A8E8D0008 /* Views */,
				40EBC247B225E2E96592399A /* Views */,
				CB6A19AA91E868E1B3E5887D /* Views */,
				2435D62761F38329C483A5B1 /* Views */,
				24F5279D2578E681E82769C3 /* Views */,
				1476657F912241E64CC77513 /* Views */,
				18CBA80016AD482008C670F3 /* Views */,
				E9790C102F260E03E7C09C53 /* Views */,
				84170BF9B1ADD6EF0119BD8B /* Views */,
				4F0D93FFC73D9EEBC364BC64 /* Views */,
				DF10D51A999E6FD35A73CB1C /* Views */,
				CBC742794F2DEF111E8FC6E5 /* Views */,
				5C8C7537001D0498EE8D52AB /* Views */,
				B732CA1448B0BCA8369E69FB /* Views */,
				1AD831FF4B50D0A3F9F01FF4 /* Views */,
				D3ACAC8347E3D89B1076F82B /* Views */,
				9D0B49CCA18F7808DC6E4F33 /* Views */,
				AA6AA61C8DE565446B65FF40 /* Views */,
				36ABB42D30CEF24B1C670381 /* AppDelegate.swift */,
				01D1D11FDAA7ED2D52D2AC5D /* Models */,
				DF691101B0C090061E43C720 /* Models */,
				3CEFBE9EAE7BFD3B431CF415 /* Models */,
				7232B92A487993B792C6B813 /* Models */,
				9363F5A5D13B675ED3373F8C /* Models */,
				7CDD97234A1D5D72E59F999E /* Services */,
				BB86F00B6CE352E8809C2AFA /* Services */,
				C50C5146DAF8D01C9FEE427D /* Services */,
				400A283E77C14E7E3D2E3B5B /* Services */,
				2E16E09CFEDA709B72A56DC3 /* Services */,
				9488B48C28966E29240D7050 /* Services */,
				5727134EC23679F112CFD66D /* Services */,
				46DB55B3E22850FE6CA9636D /* Services */,
				0128499AAB3095560B6B6000 /* Services */,
				E925DC7AA37F241E1B0C7A8D /* Services */,
				3EA4D3B76594ABD6C4A066E3 /* Services */,
				97A111BE0E243A2F1A1AFA99 /* Services */,
				E5935949F72BF560C9051686 /* Services */,
				D03BB104DBDF1D3137D15092 /* Services */,
				B423325CDB576B47099EC4FB /* Supporting */,
				66D36A5F90E6F88FBB364CF2 /* Supporting */,
				4C003741F9B365AF088B6F00 /* Supporting */,
				15E1B46930F985E6FC681FC0 /* ViewModels */,
				85230B06ED6D7F360EBDB27F /* ViewModels */,
				87EB4A15828F558010935AB6 /* ViewModels */,
				5D1715F97C31633904437B3A /* ViewModels */,
				FD939B788BE6DCCD24F50A48 /* Views */,
				AE345DF1A52D42AE9FE17F1C /* Views */,
				91E2B912402BB0C5E95EBE74 /* Views */,
				4B4D63A96E94E2C2EB63DC25 /* Views */,
				E05E2797EB3219BB20D5EE84 /* Views */,
				BCED45768F4E1E420ADAC728 /* Views */,
				1153319B9C515E4D5ED6BDDF /* Views */,
				447525902E14BF7B6A49AEB2 /* Views */,
				EB281CC24C2137AD3F270B28 /* Views */,
				D8EB42968B8962C32E6C35D1 /* Views */,
				D2F43F809A5747141CE1DA65 /* Views */,
				345EF1E05B0933158C59A5DD /* Views */,
				F7C2CE6C442BD3656383DEB4 /* Views */,
				DD0B1544318351A01CE5F8C9 /* Views */,
				D58BB61818CBE4647441B1C2 /* Views */,
				C8EDD74ECFA793693ECC4AFE /* Views */,
				BC89EA9E5A37FC8DBFD09D50 /* Views */,
				2A20D92EFEEA3735D68C0D34 /* Views */,
				E46FF9C0C9AA9164A444CF0D /* Views */,
				75AA37898A9726F5643A3D56 /* Views */,
				6F586B2F68A44C23323E227B /* Views */,
				2552140DD3C47EE17B016A15 /* Views */,
				831EB3816DD8E95EE952AAA3 /* Views */,
				9DA6D8B826D5EE231209A8B3 /* Views */,
				382A5D89BCF58F11C4BA5D57 /* Views */,
				8891E0A68CA36ABFDB880038 /* Views */,
				BFB83F7AE2D45EE85692923E /* Views */,
				8FE2AB33A4A07590C2BBF50D /* Views */,
				C53FF1AFF78B08939E9CFD49 /* Views */,
				6666C33EFD0BE50A209AA747 /* Views */,
				F8933DDFED32196DCC4E5387 /* Views */,
				40A0DCBFB907A4E797E3D19E /* Views */,
				BD7B59284C4340D3111DEAD3 /* Views */,
				ACBAFBC0CADEC4B3E2D7592B /* interspace_iosApp.swift */,
			);
			indentWidth = 2;
			sourceTree = "<group>";
			tabWidth = 2;
			usesTabs = 0;
		};
		83CBBA001A601CBA00E9B192 /* Products */ = {
			isa = PBXGroup;
			children = (
				13B07F961A680F5B00A75B9A /* Interspace.app */,
				21A38A4A54C97E31E29FF21A /* InterspaceTests.xctest */,
				F72C0FAEBAF7C8525D557482 /* InterspaceUITests.xctest */,
			);
			name = Products;
			sourceTree = "<group>";
		};
		840342B533641A34ECA8FADC /* Services */ = {
			isa = PBXGroup;
			children = (
			);
			name = Services;
			sourceTree = "<group>";
		};
		84170BF9B1ADD6EF0119BD8B /* Views */ = {
			isa = PBXGroup;
			children = (
			);
			name = Views;
			sourceTree = "<group>";
		};
		848FE8F9D12E6D6719B4A164 /* Components */ = {
			isa = PBXGroup;
			children = (
			);
			name = Components;
			sourceTree = "<group>";
		};
		84FA5F15D5CB8E7B01CA9EB6 /* Supporting */ = {
			isa = PBXGroup;
			children = (
			);
			name = Supporting;
			sourceTree = "<group>";
		};
		85230B06ED6D7F360EBDB27F /* ViewModels */ = {
			isa = PBXGroup;
			children = (
				5FA9B882F6DEAE7F2B7A6745 /* AuthViewModel.swift */,
			);
			name = ViewModels;
			sourceTree = "<group>";
		};
		855946A4B36D766922CF8FF2 /* Views */ = {
			isa = PBXGroup;
			children = (
				750E48C4C90E8C37227D0B11 /* Components */,
			);
			name = Views;
			sourceTree = "<group>";
		};
		860B27017BD60866A118165F /* Views */ = {
			isa = PBXGroup;
			children = (
			);
			name = Views;
			sourceTree = "<group>";
		};
		87EB4A15828F558010935AB6 /* ViewModels */ = {
			isa = PBXGroup;
			children = (
				C3E0F6D24195645E63AE7169 /* ProfileViewModel.swift */,
			);
			name = ViewModels;
			sourceTree = "<group>";
		};
		8891E0A68CA36ABFDB880038 /* Views */ = {
			isa = PBXGroup;
			children = (
				71AE9709BFE9E7A39FA1D51D /* Settings */,
			);
			name = Views;
			sourceTree = "<group>";
		};
		8CC90B7A595C18126E3412C6 /* Components */ = {
			isa = PBXGroup;
			children = (
			);
			name = Components;
			sourceTree = "<group>";
		};
		8D9146459DE6F1DCC526A782 /* Modifiers */ = {
			isa = PBXGroup;
			children = (
			);
			name = Modifiers;
			sourceTree = "<group>";
		};
		8F7F9E71110344CBCA5EA730 /* Components */ = {
			isa = PBXGroup;
			children = (
			);
			name = Components;
			sourceTree = "<group>";
		};
		8FE2AB33A4A07590C2BBF50D /* Views */ = {
			isa = PBXGroup;
			children = (
				57FFED8DBDECA3A6E4D92C9B /* TestGlassEffectView.swift */,
			);
			name = Views;
			sourceTree = "<group>";
		};
		90CD1BF06E7B63FBD59413AF /* ViewModels */ = {
			isa = PBXGroup;
			children = (
			);
			name = ViewModels;
			sourceTree = "<group>";
		};
		91B5E8FACB1EE801CD4F08A7 /* Services */ = {
			isa = PBXGroup;
			children = (
			);
			name = Services;
			sourceTree = "<group>";
		};
		91E2B912402BB0C5E95EBE74 /* Views */ = {
			isa = PBXGroup;
			children = (
				68FE382353B8AE97B9013ED1 /* AddAccountView.swift */,
			);
			name = Views;
			sourceTree = "<group>";
		};
		9280873B04C92CE4371D67E4 /* Services */ = {
			isa = PBXGroup;
			children = (
			);
			name = Services;
			sourceTree = "<group>";
		};
		930DE0513445BAC79F565184 /* Services */ = {
			isa = PBXGroup;
			children = (
			);
			name = Services;
			sourceTree = "<group>";
		};
		9363F5A5D13B675ED3373F8C /* Models */ = {
			isa = PBXGroup;
			children = (
				A9326E74CF6824FA63803A58 /* WalletType.swift */,
			);
			name = Models;
			sourceTree = "<group>";
		};
		93FF1D207231A0C0D179C011 /* Services */ = {
			isa = PBXGroup;
			children = (
			);
			name = Services;
			sourceTree = "<group>";
		};
		94508B40D27AFFE16015F3E5 /* Views */ = {
			isa = PBXGroup;
			children = (
			);
			name = Views;
			sourceTree = "<group>";
		};
		9488B48C28966E29240D7050 /* Services */ = {
			isa = PBXGroup;
			children = (
				09C45C373E901DCE671CAAB5 /* GoogleSignInService.swift */,
			);
			name = Services;
			sourceTree = "<group>";
		};
		975C4324D59F333F9BB8A8C5 /* Models */ = {
			isa = PBXGroup;
			children = (
			);
			name = Models;
			sourceTree = "<group>";
		};
		977DB6DE6B4A480E8EF8AD5C /* Views */ = {
			isa = PBXGroup;
			children = (
			);
			name = Views;
			sourceTree = "<group>";
		};
		97A111BE0E243A2F1A1AFA99 /* Services */ = {
			isa = PBXGroup;
			children = (
				30CA5F53BBF8267FAD9EFB3E /* UserAPI.swift */,
			);
			name = Services;
			sourceTree = "<group>";
		};
		99A08728DE19FEF71A7027BD /* Pods */ = {
			isa = PBXGroup;
			children = (
			);
			path = Pods;
			sourceTree = "<group>";
		};
		9A8FA28391BDEC2F2C596F5C /* Views */ = {
			isa = PBXGroup;
			children = (
			);
			name = Views;
			sourceTree = "<group>";
		};
		9AADBC160CD5C3FB9E331EB7 /* Components */ = {
			isa = PBXGroup;
			children = (
			);
			name = Components;
			sourceTree = "<group>";
		};
		9D0B49CCA18F7808DC6E4F33 /* Views */ = {
			isa = PBXGroup;
			children = (
			);
			name = Views;
			sourceTree = "<group>";
		};
		9DA6D8B826D5EE231209A8B3 /* Views */ = {
			isa = PBXGroup;
			children = (
				C86A1172601B48B8A85F787B /* SendTokenSheet.swift */,
			);
			name = Views;
			sourceTree = "<group>";
		};
		A00E728F896936094CD31164 /* ViewModels */ = {
			isa = PBXGroup;
			children = (
			);
			name = ViewModels;
			sourceTree = "<group>";
		};
		A02306A67CFC0FDCCEA8DECC /* Views */ = {
			isa = PBXGroup;
			children = (
				C83532CBBC58DF5AA0FFCD84 /* Modifiers */,
			);
			name = Views;
			sourceTree = "<group>";
		};
		A3CA62B25A0BF3308617E660 /* Services */ = {
			isa = PBXGroup;
			children = (
			);
			name = Services;
			sourceTree = "<group>";
		};
		A54BD36E4B6ECA31684134FE /* Services */ = {
			isa = PBXGroup;
			children = (
			);
			name = Services;
			sourceTree = "<group>";
		};
		A5B7E228276FBBD1ECE475A8 /* Views */ = {
			isa = PBXGroup;
			children = (
				8F7F9E71110344CBCA5EA730 /* Components */,
			);
			name = Views;
			sourceTree = "<group>";
		};
		A65D44EA47C05DB18699FF11 /* Settings */ = {
			isa = PBXGroup;
			children = (
			);
			name = Settings;
			sourceTree = "<group>";
		};
		A6CA8BAC5F74934DAB13ECCC /* Views */ = {
			isa = PBXGroup;
			children = (
				8CC90B7A595C18126E3412C6 /* Components */,
			);
			name = Views;
			sourceTree = "<group>";
		};
		AA115DF685C5F3A2BC104FA8 /* Services */ = {
			isa = PBXGroup;
			children = (
			);
			name = Services;
			sourceTree = "<group>";
		};
		AA6AA61C8DE565446B65FF40 /* Views */ = {
			isa = PBXGroup;
			children = (
			);
			name = Views;
			sourceTree = "<group>";
		};
		AE345DF1A52D42AE9FE17F1C /* Views */ = {
			isa = PBXGroup;
			children = (
				5666348163953C3382274E08 /* AccountDetailView.swift */,
			);
			name = Views;
			sourceTree = "<group>";
		};
		B078E3CDBE8476E799DFF495 /* Models */ = {
			isa = PBXGroup;
			children = (
			);
			name = Models;
			sourceTree = "<group>";
		};
		B122C82E8E4C1D08B64FBE2A /* Views */ = {
			isa = PBXGroup;
			children = (
			);
			name = Views;
			sourceTree = "<group>";
		};
		B205222403FF7B7A3D4EAD36 /* Services */ = {
			isa = PBXGroup;
			children = (
			);
			name = Services;
			sourceTree = "<group>";
		};
		B236247170B231CB3F88171F /* Profile */ = {
			isa = PBXGroup;
			children = (
				85E676AF1A264655C4E4B002 /* ProfileHeaderView.swift */,
			);
			name = Profile;
			sourceTree = "<group>";
		};
		B423325CDB576B47099EC4FB /* Supporting */ = {
			isa = PBXGroup;
			children = (
				26C7BFBBC283EA5CD1CADED5 /* ColorExtensions.swift */,
			);
			name = Supporting;
			sourceTree = "<group>";
		};
		B732CA1448B0BCA8369E69FB /* Views */ = {
			isa = PBXGroup;
			children = (
			);
			name = Views;
			sourceTree = "<group>";
		};
		BB86F00B6CE352E8809C2AFA /* Services */ = {
			isa = PBXGroup;
			children = (
				69B26294E506A4DF11700863 /* AppleSignInService.swift */,
			);
			name = Services;
			sourceTree = "<group>";
		};
		BC89EA9E5A37FC8DBFD09D50 /* Views */ = {
			isa = PBXGroup;
			children = (
				138539E2632E22C89997C4BB /* Modifiers */,
			);
			name = Views;
			sourceTree = "<group>";
		};
		BCED45768F4E1E420ADAC728 /* Views */ = {
			isa = PBXGroup;
			children = (
				36D95A1BFCBB457D2278FC5B /* AppsView.swift */,
			);
			name = Views;
			sourceTree = "<group>";
		};
		BD7B59284C4340D3111DEAD3 /* Views */ = {
			isa = PBXGroup;
			children = (
				EBDFBC02D6301B00B2C35AB3 /* WebBrowserView.swift */,
			);
			name = Views;
			sourceTree = "<group>";
		};
		BF72B41232E039CD09E005F6 /* Profile */ = {
			isa = PBXGroup;
			children = (
			);
			name = Profile;
			sourceTree = "<group>";
		};
		BFB83F7AE2D45EE85692923E /* Views */ = {
			isa = PBXGroup;
			children = (
				89133C5A0B9F64B0849F6B79 /* SocialAccountDetailView.swift */,
			);
			name = Views;
			sourceTree = "<group>";
		};
		C0EB91762222B60A8E8D0008 /* Views */ = {
			isa = PBXGroup;
			children = (
			);
			name = Views;
			sourceTree = "<group>";
		};
		C28DF8DE0BD269562335CF09 /* Services */ = {
			isa = PBXGroup;
			children = (
			);
			name = Services;
			sourceTree = "<group>";
		};
		C2937E85C52D91534596E1D7 /* Views */ = {
			isa = PBXGroup;
			children = (
				C4853C1375ADA53A3F823182 /* Components */,
			);
			name = Views;
			sourceTree = "<group>";
		};
		C390F6E5F480BCB882FF5E5D /* Views */ = {
			isa = PBXGroup;
			children = (
			);
			name = Views;
			sourceTree = "<group>";
		};
		C4853C1375ADA53A3F823182 /* Components */ = {
			isa = PBXGroup;
			children = (
				4C60B75098D4B2F49018EF78 /* VerificationCodeField.swift */,
				8962FE5D2D84A2D6CE99C593 /* DevelopmentModeToggle.swift */,
			);
			name = Components;
			sourceTree = "<group>";
		};
		C50C5146DAF8D01C9FEE427D /* Services */ = {
			isa = PBXGroup;
			children = (
				8A0CA8089A507053FEED0766 /* AuthAPI.swift */,
			);
			name = Services;
			sourceTree = "<group>";
		};
		C53FF1AFF78B08939E9CFD49 /* Views */ = {
			isa = PBXGroup;
			children = (
				BA1A7245E7FE46BA2531C0DE /* TestView.swift */,
			);
			name = Views;
			sourceTree = "<group>";
		};
		C83532CBBC58DF5AA0FFCD84 /* Modifiers */ = {
			isa = PBXGroup;
			children = (
			);
			name = Modifiers;
			sourceTree = "<group>";
		};
		C8EDD74ECFA793693ECC4AFE /* Views */ = {
			isa = PBXGroup;
			children = (
				4D3F30FC409706B5DFB0E226 /* LoadingOverlay.swift */,
			);
			name = Views;
			sourceTree = "<group>";
		};
		C9E89D8C9DFF9A78B64D9788 /* Views */ = {
			isa = PBXGroup;
			children = (
			);
			name = Views;
			sourceTree = "<group>";
		};
		CA7C637BBF72C50710F43C8D /* Profile */ = {
			isa = PBXGroup;
			children = (
			);
			name = Profile;
			sourceTree = "<group>";
		};
		CABDAC609FB85E11A79456CC /* Settings */ = {
			isa = PBXGroup;
			children = (
				6116C6C8E55B0C474CACF021 /* SettingsRow.swift */,
			);
			name = Settings;
			sourceTree = "<group>";
		};
		CB6A19AA91E868E1B3E5887D /* Views */ = {
			isa = PBXGroup;
			children = (
				BF72B41232E039CD09E005F6 /* Profile */,
			);
			name = Views;
			sourceTree = "<group>";
		};
		CBC742794F2DEF111E8FC6E5 /* Views */ = {
			isa = PBXGroup;
			children = (
			);
			name = Views;
			sourceTree = "<group>";
		};
		CDF9ED3D05CE305EAA6A83CE /* Models */ = {
			isa = PBXGroup;
			children = (
			);
			name = Models;
			sourceTree = "<group>";
		};
		CF22FBF435762B9D6EA34120 /* Services */ = {
			isa = PBXGroup;
			children = (
			);
			name = Services;
			sourceTree = "<group>";
		};
		D03BB104DBDF1D3137D15092 /* Services */ = {
			isa = PBXGroup;
			children = (
				9D96A6FFAF7311A040A113AA /* WalletService.swift */,
			);
			name = Services;
			sourceTree = "<group>";
		};
		D188B87382E74EE4B9A727AB /* Views */ = {
			isa = PBXGroup;
			children = (
			);
			name = Views;
			sourceTree = "<group>";
		};
		D26EA3BD87EE9640D85A1F29 /* Views */ = {
			isa = PBXGroup;
			children = (
			);
			name = Views;
			sourceTree = "<group>";
		};
		D2F43F809A5747141CE1DA65 /* Views */ = {
			isa = PBXGroup;
			children = (
				F0CEBEB988E994AE63273C00 /* Components */,
			);
			name = Views;
			sourceTree = "<group>";
		};
		D3ACAC8347E3D89B1076F82B /* Views */ = {
			isa = PBXGroup;
			children = (
			);
			name = Views;
			sourceTree = "<group>";
		};
		D524262A7199B848F163D81A /* Services */ = {
			isa = PBXGroup;
			children = (
			);
			name = Services;
			sourceTree = "<group>";
		};
		D58BB61818CBE4647441B1C2 /* Views */ = {
			isa = PBXGroup;
			children = (
				912EE163D0E176E2F36651DD /* HomeView.swift */,
			);
			name = Views;
			sourceTree = "<group>";
		};
		D60259567522BE7FE2ADC0F5 /* Services */ = {
			isa = PBXGroup;
			children = (
			);
			name = Services;
			sourceTree = "<group>";
		};
		D7D5A6DD6467C9B36817FD03 /* Services */ = {
			isa = PBXGroup;
			children = (
			);
			name = Services;
			sourceTree = "<group>";
		};
		D8B7F2B5100102BED8580B98 /* Models */ = {
			isa = PBXGroup;
			children = (
			);
			name = Models;
			sourceTree = "<group>";
		};
		D8EB42968B8962C32E6C35D1 /* Views */ = {
			isa = PBXGroup;
			children = (
				508E81898E71A4738779BDBF /* Components */,
			);
			name = Views;
			sourceTree = "<group>";
		};
		DA5A574A3CB00D4C7B1E11F4 /* Views */ = {
			isa = PBXGroup;
			children = (
			);
			name = Views;
			sourceTree = "<group>";
		};
		DD0B1544318351A01CE5F8C9 /* Views */ = {
			isa = PBXGroup;
			children = (
				FAF5DF490D6A4A2A357F7428 /* EmailAuthView.swift */,
			);
			name = Views;
			sourceTree = "<group>";
		};
		DF10D51A999E6FD35A73CB1C /* Views */ = {
			isa = PBXGroup;
			children = (
				7AB76E4F1A22318D4894918A /* Settings */,
			);
			name = Views;
			sourceTree = "<group>";
		};
		DF691101B0C090061E43C720 /* Models */ = {
			isa = PBXGroup;
			children = (
				4F983C9B9FA19D22C2381F86 /* ErrorWrapper.swift */,
			);
			name = Models;
			sourceTree = "<group>";
		};
		DFDDE5C6C4F1E76D03F5F123 /* Models */ = {
			isa = PBXGroup;
			children = (
			);
			name = Models;
			sourceTree = "<group>";
		};
		E05E2797EB3219BB20D5EE84 /* Views */ = {
			isa = PBXGroup;
			children = (
				2BBE0F5B95B718676A35D3A1 /* AddSocialAccountView.swift */,
			);
			name = Views;
			sourceTree = "<group>";
		};
		E0642B91EDDAB29C9B2727B2 /* Services */ = {
			isa = PBXGroup;
			children = (
			);
			name = Services;
			sourceTree = "<group>";
		};
		E3ACB60B55024C8A4F3415F1 /* Supporting */ = {
			isa = PBXGroup;
			children = (
			);
			name = Supporting;
			sourceTree = "<group>";
		};
		E46FF9C0C9AA9164A444CF0D /* Views */ = {
			isa = PBXGroup;
			children = (
				23A4BC9E581214259FB1BABB /* Profile */,
			);
			name = Views;
			sourceTree = "<group>";
		};
		E5935949F72BF560C9051686 /* Services */ = {
			isa = PBXGroup;
			children = (
				B45F0D32791EF790CB619E0F /* WalletAPI.swift */,
			);
			name = Services;
			sourceTree = "<group>";
		};
		E72EFFD8944B5B2D5D34C6A6 /* Views */ = {
			isa = PBXGroup;
			children = (
			);
			name = Views;
			sourceTree = "<group>";
		};
		E7975DCD5211D3200ACE71A1 /* Views */ = {
			isa = PBXGroup;
			children = (
			);
			name = Views;
			sourceTree = "<group>";
		};
		E8B4C724FCCF0165EFBEA0EB /* Services */ = {
			isa = PBXGroup;
			children = (
			);
			name = Services;
			sourceTree = "<group>";
		};
		E925DC7AA37F241E1B0C7A8D /* Services */ = {
			isa = PBXGroup;
			children = (
				2ABEDE5450E6697DB0D00516 /* ProfileIconGenerator.swift */,
			);
			name = Services;
			sourceTree = "<group>";
		};
		E9790C102F260E03E7C09C53 /* Views */ = {
			isa = PBXGroup;
			children = (
			);
			name = Views;
			sourceTree = "<group>";
		};
		EB281CC24C2137AD3F270B28 /* Views */ = {
			isa = PBXGroup;
			children = (
				3DEC040FAE1EAE33B075B4AA /* Components */,
			);
			name = Views;
			sourceTree = "<group>";
		};
		EEAC6029060574D67A746CC8 /* ViewModels */ = {
			isa = PBXGroup;
			children = (
			);
			name = ViewModels;
			sourceTree = "<group>";
		};
		F0CEBEB988E994AE63273C00 /* Components */ = {
			isa = PBXGroup;
			children = (
				503399045E63BDBF3A0C3B9E /* WalletConnectTray.swift */,
			);
			name = Components;
			sourceTree = "<group>";
		};
		F17A7FC9849DBB9E55D0CC2F /* Views */ = {
			isa = PBXGroup;
			children = (
			);
			name = Views;
			sourceTree = "<group>";
		};
		F3E6133E5182361D1D7ACC4A /* Components */ = {
			isa = PBXGroup;
			children = (
			);
			name = Components;
			sourceTree = "<group>";
		};
		F6A25FFB6420614BABB2078C /* Services */ = {
			isa = PBXGroup;
			children = (
			);
			name = Services;
			sourceTree = "<group>";
		};
		F7C2CE6C442BD3656383DEB4 /* Views */ = {
			isa = PBXGroup;
			children = (
				59DCABAB0578659A9EE06A6D /* CreateProfileView.swift */,
			);
			name = Views;
			sourceTree = "<group>";
		};
		F8933DDFED32196DCC4E5387 /* Views */ = {
			isa = PBXGroup;
			children = (
				F005B2511CE0C3FACEB3ABA3 /* WalletConnectionView.swift */,
			);
			name = Views;
			sourceTree = "<group>";
		};
		FA07B9DA48FC8F756800CC5B /* Views */ = {
			isa = PBXGroup;
			children = (
				848FE8F9D12E6D6719B4A164 /* Components */,
			);
			name = Views;
			sourceTree = "<group>";
		};
		FB36A825FF59562D0B734AAE /* Profile */ = {
			isa = PBXGroup;
			children = (
			);
			name = Profile;
			sourceTree = "<group>";
		};
		FBA2F3EA1E0CCC3DC782FDC1 /* Components */ = {
			isa = PBXGroup;
			children = (
			);
			name = Components;
			sourceTree = "<group>";
		};
		FD939B788BE6DCCD24F50A48 /* Views */ = {
			isa = PBXGroup;
			children = (
				75F5608FB1806F3D4B04A488 /* AccountDetailCard.swift */,
			);
			name = Views;
			sourceTree = "<group>";
		};
		FEC0AB70A5BBE9FCFD8C151C /* ViewModels */ = {
			isa = PBXGroup;
			children = (
			);
			name = ViewModels;
			sourceTree = "<group>";
		};
/* End PBXGroup section */

/* Begin PBXNativeTarget section */
		13B07F861A680F5B00A75B9A /* Interspace */ = {
			isa = PBXNativeTarget;
			buildConfigurationList = 13B07F931A680F5B00A75B9A /* Build configuration list for PBXNativeTarget "Interspace" */;
			buildPhases = (
				13B07F871A680F5B00A75B9A /* Sources */,
				13B07F8C1A680F5B00A75B9A /* Frameworks */,
				13B07F8E1A680F5B00A75B9A /* Resources */,
			);
			buildRules = (
			);
			dependencies = (
			);
			fileSystemSynchronizedGroups = (
				787BF3742E038D0A0013A88C /* Extensions */,
			);
			name = Interspace;
			productName = Interspace;
			productReference = 13B07F961A680F5B00A75B9A /* Interspace.app */;
			productType = "com.apple.product-type.application";
		};
		769BDC6E2C199D397B9FCFA9 /* InterspaceUITests */ = {
			isa = PBXNativeTarget;
			buildConfigurationList = 2F03FE1C7A6BEA4C6C80FAFE /* Build configuration list for PBXNativeTarget "InterspaceUITests" */;
			buildPhases = (
				FD7356A947AB76468AE56E9D /* Sources */,
				745DF597A4D1F4F25233A4A2 /* Frameworks */,
				564CC824C2EEAE94B7C16D56 /* Resources */,
			);
			buildRules = (
			);
			dependencies = (
				D7D6D51FBD718F39534336D7 /* PBXTargetDependency */,
			);
			name = InterspaceUITests;
			productName = InterspaceUITests;
			productReference = F72C0FAEBAF7C8525D557482 /* InterspaceUITests.xctest */;
			productType = "com.apple.product-type.bundle.ui-testing";
		};
		CD6C8568030616CB15238860 /* InterspaceTests */ = {
			isa = PBXNativeTarget;
			buildConfigurationList = 8208C2E67C496691DB6C5485 /* Build configuration list for PBXNativeTarget "InterspaceTests" */;
			buildPhases = (
				8E12DBE5DC3FA45B8CBEAC7F /* Sources */,
				7A6085921CC7E82BCA83FD6A /* Frameworks */,
				2CCEB2AFDD6F9FAF72ECD4C6 /* Resources */,
			);
			buildRules = (
			);
			dependencies = (
				8F9592BCF791DEB819721AF7 /* PBXTargetDependency */,
			);
			name = InterspaceTests;
			productName = InterspaceTests;
			productReference = 21A38A4A54C97E31E29FF21A /* InterspaceTests.xctest */;
			productType = "com.apple.product-type.bundle.unit-test";
		};
/* End PBXNativeTarget section */

/* Begin PBXProject section */
		83CBB9F71A601CBA00E9B192 /* Project object */ = {
			isa = PBXProject;
			attributes = {
				LastUpgradeCheck = 1130;
				TargetAttributes = {
					13B07F861A680F5B00A75B9A = {
						LastSwiftMigration = 1250;
					};
				};
			};
			buildConfigurationList = 83CBB9FA1A601CBA00E9B192 /* Build configuration list for PBXProject "Interspace" */;
			developmentRegion = en;
			hasScannedForEncodings = 0;
			knownRegions = (
				en,
				Base,
			);
			mainGroup = 83CBB9F61A601CBA00E9B192;
			packageReferences = (
				7861E7272E023147005D228A /* XCRemoteSwiftPackageReference "metamask-ios-sdk" */,
				7861E7282E02317E005D228A /* XCRemoteSwiftPackageReference "wallet-mobile-sdk" */,
				7861E7292E0231CF005D228A /* XCRemoteSwiftPackageReference "reown-swift" */,
				789C7C932E02423600FF5B32 /* XCRemoteSwiftPackageReference "GoogleSignIn-iOS" */,
			);
			preferredProjectObjectVersion = 46;
			productRefGroup = 83CBBA001A601CBA00E9B192 /* Products */;
			projectDirPath = "";
			projectRoot = "";
			targets = (
				13B07F861A680F5B00A75B9A /* Interspace */,
				CD6C8568030616CB15238860 /* InterspaceTests */,
				769BDC6E2C199D397B9FCFA9 /* InterspaceUITests */,
			);
		};
/* End PBXProject section */

/* Begin PBXResourcesBuildPhase section */
		13B07F8E1A680F5B00A75B9A /* Resources */ = {
			isa = PBXResourcesBuildPhase;
			buildActionMask = 2147483647;
			files = (
				7861E3192E0114AD005D228A /* GoogleService-Info.plist in Resources */,
				7861E31A2E0114AD005D228A /* PrivacyInfo.xcprivacy in Resources */,
				7861E31C2E0114AD005D228A /* Assets.xcassets in Resources */,
			);
			runOnlyForDeploymentPostprocessing = 0;
		};
		2CCEB2AFDD6F9FAF72ECD4C6 /* Resources */ = {
			isa = PBXResourcesBuildPhase;
			buildActionMask = 2147483647;
			files = (
			);
			runOnlyForDeploymentPostprocessing = 0;
		};
		564CC824C2EEAE94B7C16D56 /* Resources */ = {
			isa = PBXResourcesBuildPhase;
			buildActionMask = 2147483647;
			files = (
			);
			runOnlyForDeploymentPostprocessing = 0;
		};
/* End PBXResourcesBuildPhase section */

/* Begin PBXSourcesBuildPhase section */
		13B07F871A680F5B00A75B9A /* Sources */ = {
			isa = PBXSourcesBuildPhase;
			buildActionMask = 2147483647;
			files = (
				78550C542E098EC600EDDF1C /* interspace_iosApp.swift in Sources */,
				785509202E098AD400EDDF1C /* AppDelegate.swift in Sources */,
			);
			runOnlyForDeploymentPostprocessing = 0;
		};
		8E12DBE5DC3FA45B8CBEAC7F /* Sources */ = {
			isa = PBXSourcesBuildPhase;
			buildActionMask = 2147483647;
			files = (
			);
			runOnlyForDeploymentPostprocessing = 0;
		};
		FD7356A947AB76468AE56E9D /* Sources */ = {
			isa = PBXSourcesBuildPhase;
			buildActionMask = 2147483647;
			files = (
			);
			runOnlyForDeploymentPostprocessing = 0;
		};
/* End PBXSourcesBuildPhase section */

/* Begin PBXTargetDependency section */
		8F9592BCF791DEB819721AF7 /* PBXTargetDependency */ = {
			isa = PBXTargetDependency;
			target = 13B07F861A680F5B00A75B9A /* Interspace */;
			targetProxy = 41B27E2321BEAD1E88A41709 /* PBXContainerItemProxy */;
		};
		D7D6D51FBD718F39534336D7 /* PBXTargetDependency */ = {
			isa = PBXTargetDependency;
			target = 13B07F861A680F5B00A75B9A /* Interspace */;
			targetProxy = D7066A684A27A0B7C4CFF947 /* PBXContainerItemProxy */;
		};
/* End PBXTargetDependency section */

/* Begin XCBuildConfiguration section */
		07F22C1559E44104C185A47C /* Release */ = {
			isa = XCBuildConfiguration;
			buildSettings = {
				BUNDLE_LOADER = "$(TEST_HOST)";
				CLANG_ENABLE_MODULES = YES;
				CODE_SIGN_STYLE = Automatic;
				CURRENT_PROJECT_VERSION = 2;
				GENERATE_INFOPLIST_FILE = YES;
				IPHONEOS_DEPLOYMENT_TARGET = 16.0;
				LD_RUNPATH_SEARCH_PATHS = (
					"$(inherited)",
					"@executable_path/Frameworks",
					"@loader_path/Frameworks",
				);
				MARKETING_VERSION = 1.0.0;
				PRODUCT_BUNDLE_IDENTIFIER = com.interspace.InterspaceTests;
				PRODUCT_NAME = "$(TARGET_NAME)";
				SWIFT_EMIT_LOC_STRINGS = NO;
				SWIFT_VERSION = 5.0;
				TARGETED_DEVICE_FAMILY = "1,2";
				TEST_HOST = "$(BUILT_PRODUCTS_DIR)/Interspace.app/$(BUNDLE_EXECUTABLE_FOLDER_PATH)/Interspace";
			};
			name = Release;
		};
		13B07F941A680F5B00A75B9A /* Debug */ = {
			isa = XCBuildConfiguration;
			buildSettings = {
				ASSETCATALOG_COMPILER_APPICON_NAME = AppIcon;
				CLANG_ENABLE_MODULES = YES;
				CODE_SIGN_ENTITLEMENTS = Interspace/Interspace.entitlements;
				CURRENT_PROJECT_VERSION = 2;
				DEVELOPMENT_TEAM = 579ZB4FX6N;
				ENABLE_BITCODE = NO;
				ENABLE_USER_SCRIPT_SANDBOXING = NO;
				GCC_PREPROCESSOR_DEFINITIONS = (
					"$(inherited)",
					"FB_SONARKIT_ENABLED=1",
				);
				GENERATE_INFOPLIST_FILE = YES;
				INFOPLIST_FILE = Interspace/Info.plist;
				INFOPLIST_KEY_CFBundleDisplayName = Interspace;
				INFOPLIST_KEY_CFBundleURLTypes = "$(inherited)";
				INFOPLIST_KEY_LSApplicationCategoryType = "public.app-category.productivity";
				INFOPLIST_KEY_LSApplicationQueriesSchemes = "metamask cbwallet rainbow trust argent safe zerion wc";
				INFOPLIST_KEY_NSCameraUsageDescription = "Allow Interspace to use the camera to scan WalletConnect QR codes";
				INFOPLIST_KEY_NSFaceIDUsageDescription = "Allow Interspace to use Face ID";
				INFOPLIST_KEY_NSSiriUsageDescription = "Allow Interspace to use Siri";
				INFOPLIST_KEY_UIStatusBarStyle = UIStatusBarStyleLightContent;
				INFOPLIST_KEY_UISupportedInterfaceOrientations = "UIInterfaceOrientationPortrait UIInterfaceOrientationPortraitUpsideDown";
				INFOPLIST_KEY_UISupportedInterfaceOrientations_iPad = "UIInterfaceOrientationPortrait UIInterfaceOrientationPortraitUpsideDown UIInterfaceOrientationLandscapeLeft UIInterfaceOrientationLandscapeRight";
				INFOPLIST_KEY_UIUserInterfaceStyle = Dark;
				IPHONEOS_DEPLOYMENT_TARGET = 16.0;
				LD_RUNPATH_SEARCH_PATHS = (
					"$(inherited)",
					"@executable_path/Frameworks",
				);
				MARKETING_VERSION = 1.0.0;
				OTHER_LDFLAGS = (
					"$(inherited)",
					"-ObjC",
					"-lc++",
				);
				OTHER_SWIFT_FLAGS = "$(inherited) -D EXPO_CONFIGURATION_DEBUG";
				PRODUCT_BUNDLE_IDENTIFIER = com.interspace.ios;
				PRODUCT_NAME = Interspace;
				SWIFT_OBJC_BRIDGING_HEADER = "Interspace/Interspace-Bridging-Header.h";
				SWIFT_OPTIMIZATION_LEVEL = "-Onone";
				SWIFT_VERSION = 5.0;
				TARGETED_DEVICE_FAMILY = "1,2";
				VERSIONING_SYSTEM = "apple-generic";
			};
			name = Debug;
		};
		13B07F951A680F5B00A75B9A /* Release */ = {
			isa = XCBuildConfiguration;
			buildSettings = {
				ASSETCATALOG_COMPILER_APPICON_NAME = AppIcon;
				CLANG_ENABLE_MODULES = YES;
				CODE_SIGN_ENTITLEMENTS = Interspace/Interspace.entitlements;
				CURRENT_PROJECT_VERSION = 2;
				DEVELOPMENT_TEAM = 579ZB4FX6N;
				ENABLE_USER_SCRIPT_SANDBOXING = NO;
				GENERATE_INFOPLIST_FILE = YES;
				"HEADER_SEARCH_PATHS[arch=*]" = (
					"$(inherited)",
					"$(BUILT_PRODUCTS_DIR)/include/duo_schnorr",
					"$(BUILT_PRODUCTS_DIR)/include/ecies",
				);
				INFOPLIST_FILE = Interspace/Info.plist;
				INFOPLIST_KEY_CFBundleDisplayName = Interspace;
				INFOPLIST_KEY_CFBundleURLTypes = "$(inherited)";
				INFOPLIST_KEY_LSApplicationCategoryType = "public.app-category.productivity";
				INFOPLIST_KEY_LSApplicationQueriesSchemes = "metamask cbwallet rainbow trust argent safe zerion wc";
				INFOPLIST_KEY_NSCameraUsageDescription = "Allow Interspace to use the camera to scan WalletConnect QR codes";
				INFOPLIST_KEY_NSFaceIDUsageDescription = "Allow Interspace to use Face ID";
				INFOPLIST_KEY_NSSiriUsageDescription = "Allow Interspace to use Siri";
				INFOPLIST_KEY_UIStatusBarStyle = UIStatusBarStyleLightContent;
				INFOPLIST_KEY_UISupportedInterfaceOrientations = "UIInterfaceOrientationPortrait UIInterfaceOrientationPortraitUpsideDown";
				INFOPLIST_KEY_UISupportedInterfaceOrientations_iPad = "UIInterfaceOrientationPortrait UIInterfaceOrientationPortraitUpsideDown UIInterfaceOrientationLandscapeLeft UIInterfaceOrientationLandscapeRight";
				INFOPLIST_KEY_UIUserInterfaceStyle = Dark;
				IPHONEOS_DEPLOYMENT_TARGET = 16.0;
				LD_RUNPATH_SEARCH_PATHS = (
					"$(inherited)",
					"@executable_path/Frameworks",
				);
				MARKETING_VERSION = 1.0.0;
				OTHER_LDFLAGS = (
					"$(inherited)",
					"-ObjC",
					"-lc++",
				);
				OTHER_SWIFT_FLAGS = "$(inherited) -D EXPO_CONFIGURATION_RELEASE";
				PRODUCT_BUNDLE_IDENTIFIER = com.interspace.ios;
				PRODUCT_NAME = Interspace;
				SWIFT_OBJC_BRIDGING_HEADER = "Interspace/Interspace-Bridging-Header.h";
				SWIFT_OPTIMIZATION_LEVEL = "-O";
				SWIFT_VERSION = 5.0;
				TARGETED_DEVICE_FAMILY = "1,2";
				VERSIONING_SYSTEM = "apple-generic";
			};
			name = Release;
		};
		2C936E241CBAC49A0A67585F /* Release */ = {
			isa = XCBuildConfiguration;
			buildSettings = {
				CLANG_ENABLE_MODULES = YES;
				CODE_SIGN_STYLE = Automatic;
				CURRENT_PROJECT_VERSION = 2;
				GENERATE_INFOPLIST_FILE = YES;
				IPHONEOS_DEPLOYMENT_TARGET = 16.0;
				LD_RUNPATH_SEARCH_PATHS = (
					"$(inherited)",
					"@executable_path/Frameworks",
					"@loader_path/Frameworks",
				);
				MARKETING_VERSION = 1.0.0;
				PRODUCT_BUNDLE_IDENTIFIER = com.interspace.InterspaceUITests;
				PRODUCT_NAME = "$(TARGET_NAME)";
				SWIFT_EMIT_LOC_STRINGS = NO;
				SWIFT_VERSION = 5.0;
				TARGETED_DEVICE_FAMILY = "1,2";
				TEST_TARGET_NAME = Interspace;
			};
			name = Release;
		};
		83CBBA201A601CBA00E9B192 /* Debug */ = {
			isa = XCBuildConfiguration;
			buildSettings = {
				ALWAYS_SEARCH_USER_PATHS = NO;
				CLANG_ANALYZER_LOCALIZABILITY_NONLOCALIZED = YES;
				CLANG_CXX_LANGUAGE_STANDARD = "c++20";
				CLANG_CXX_LIBRARY = "libc++";
				CLANG_ENABLE_MODULES = YES;
				CLANG_ENABLE_OBJC_ARC = YES;
				CLANG_WARN_BLOCK_CAPTURE_AUTORELEASING = YES;
				CLANG_WARN_BOOL_CONVERSION = YES;
				CLANG_WARN_COMMA = YES;
				CLANG_WARN_CONSTANT_CONVERSION = YES;
				CLANG_WARN_DEPRECATED_OBJC_IMPLEMENTATIONS = YES;
				CLANG_WARN_DIRECT_OBJC_ISA_USAGE = YES_ERROR;
				CLANG_WARN_EMPTY_BODY = YES;
				CLANG_WARN_ENUM_CONVERSION = YES;
				CLANG_WARN_INFINITE_RECURSION = YES;
				CLANG_WARN_INT_CONVERSION = YES;
				CLANG_WARN_NON_LITERAL_NULL_CONVERSION = YES;
				CLANG_WARN_OBJC_IMPLICIT_RETAIN_SELF = YES;
				CLANG_WARN_OBJC_LITERAL_CONVERSION = YES;
				CLANG_WARN_OBJC_ROOT_CLASS = YES_ERROR;
				CLANG_WARN_RANGE_LOOP_ANALYSIS = YES;
				CLANG_WARN_STRICT_PROTOTYPES = YES;
				CLANG_WARN_SUSPICIOUS_MOVE = YES;
				CLANG_WARN_UNREACHABLE_CODE = YES;
				CLANG_WARN__DUPLICATE_METHOD_MATCH = YES;
				"CODE_SIGN_IDENTITY[sdk=iphoneos*]" = "iPhone Developer";
				COPY_PHASE_STRIP = NO;
				ENABLE_STRICT_OBJC_MSGSEND = YES;
				ENABLE_TESTABILITY = YES;
				GCC_C_LANGUAGE_STANDARD = gnu99;
				GCC_DYNAMIC_NO_PIC = NO;
				GCC_NO_COMMON_BLOCKS = YES;
				GCC_OPTIMIZATION_LEVEL = 0;
				GCC_PREPROCESSOR_DEFINITIONS = (
					"DEBUG=1",
					"$(inherited)",
				);
				GCC_SYMBOLS_PRIVATE_EXTERN = NO;
				GCC_WARN_64_TO_32_BIT_CONVERSION = YES;
				GCC_WARN_ABOUT_RETURN_TYPE = YES_ERROR;
				GCC_WARN_UNDECLARED_SELECTOR = YES;
				GCC_WARN_UNINITIALIZED_AUTOS = YES_AGGRESSIVE;
				GCC_WARN_UNUSED_FUNCTION = YES;
				GCC_WARN_UNUSED_VARIABLE = YES;
				IPHONEOS_DEPLOYMENT_TARGET = 16.6;
				LD_RUNPATH_SEARCH_PATHS = (
					/usr/lib/swift,
					"$(inherited)",
				);
				LIBRARY_SEARCH_PATHS = "$(SDKROOT)/usr/lib/swift\"$(inherited)\"";
				MTL_ENABLE_DEBUG_INFO = YES;
				ONLY_ACTIVE_ARCH = YES;
				OTHER_LDFLAGS = "$(inherited)  ";
				REACT_NATIVE_PATH = "${PODS_ROOT}/../../node_modules/react-native";
				SDKROOT = iphoneos;
				SWIFT_ACTIVE_COMPILATION_CONDITIONS = "$(inherited) DEBUG";
				USE_HERMES = true;
			};
			name = Debug;
		};
		83CBBA211A601CBA00E9B192 /* Release */ = {
			isa = XCBuildConfiguration;
			buildSettings = {
				ALWAYS_SEARCH_USER_PATHS = NO;
				CLANG_ANALYZER_LOCALIZABILITY_NONLOCALIZED = YES;
				CLANG_CXX_LANGUAGE_STANDARD = "c++20";
				CLANG_CXX_LIBRARY = "libc++";
				CLANG_ENABLE_MODULES = YES;
				CLANG_ENABLE_OBJC_ARC = YES;
				CLANG_WARN_BLOCK_CAPTURE_AUTORELEASING = YES;
				CLANG_WARN_BOOL_CONVERSION = YES;
				CLANG_WARN_COMMA = YES;
				CLANG_WARN_CONSTANT_CONVERSION = YES;
				CLANG_WARN_DEPRECATED_OBJC_IMPLEMENTATIONS = YES;
				CLANG_WARN_DIRECT_OBJC_ISA_USAGE = YES_ERROR;
				CLANG_WARN_EMPTY_BODY = YES;
				CLANG_WARN_ENUM_CONVERSION = YES;
				CLANG_WARN_INFINITE_RECURSION = YES;
				CLANG_WARN_INT_CONVERSION = YES;
				CLANG_WARN_NON_LITERAL_NULL_CONVERSION = YES;
				CLANG_WARN_OBJC_IMPLICIT_RETAIN_SELF = YES;
				CLANG_WARN_OBJC_LITERAL_CONVERSION = YES;
				CLANG_WARN_OBJC_ROOT_CLASS = YES_ERROR;
				CLANG_WARN_RANGE_LOOP_ANALYSIS = YES;
				CLANG_WARN_STRICT_PROTOTYPES = YES;
				CLANG_WARN_SUSPICIOUS_MOVE = YES;
				CLANG_WARN_UNREACHABLE_CODE = YES;
				CLANG_WARN__DUPLICATE_METHOD_MATCH = YES;
				"CODE_SIGN_IDENTITY[sdk=iphoneos*]" = "iPhone Developer";
				COPY_PHASE_STRIP = YES;
				ENABLE_NS_ASSERTIONS = NO;
				ENABLE_STRICT_OBJC_MSGSEND = YES;
				GCC_C_LANGUAGE_STANDARD = gnu99;
				GCC_NO_COMMON_BLOCKS = YES;
				GCC_WARN_64_TO_32_BIT_CONVERSION = YES;
				GCC_WARN_ABOUT_RETURN_TYPE = YES_ERROR;
				GCC_WARN_UNDECLARED_SELECTOR = YES;
				GCC_WARN_UNINITIALIZED_AUTOS = YES_AGGRESSIVE;
				GCC_WARN_UNUSED_FUNCTION = YES;
				GCC_WARN_UNUSED_VARIABLE = YES;
				IPHONEOS_DEPLOYMENT_TARGET = 16.6;
				LD_RUNPATH_SEARCH_PATHS = (
					/usr/lib/swift,
					"$(inherited)",
				);
				LIBRARY_SEARCH_PATHS = "$(SDKROOT)/usr/lib/swift\"$(inherited)\"";
				MTL_ENABLE_DEBUG_INFO = NO;
				OTHER_LDFLAGS = "$(inherited)  ";
				REACT_NATIVE_PATH = "${PODS_ROOT}/../../node_modules/react-native";
				SDKROOT = iphoneos;
				USE_HERMES = true;
				VALIDATE_PRODUCT = YES;
			};
			name = Release;
		};
		BFAFB09925C94BD7C7C6EF38 /* Debug */ = {
			isa = XCBuildConfiguration;
			buildSettings = {
				CLANG_ENABLE_MODULES = YES;
				CODE_SIGN_STYLE = Automatic;
				CURRENT_PROJECT_VERSION = 2;
				GENERATE_INFOPLIST_FILE = YES;
				IPHONEOS_DEPLOYMENT_TARGET = 16.0;
				LD_RUNPATH_SEARCH_PATHS = (
					"$(inherited)",
					"@executable_path/Frameworks",
					"@loader_path/Frameworks",
				);
				MARKETING_VERSION = 1.0.0;
				PRODUCT_BUNDLE_IDENTIFIER = com.interspace.InterspaceUITests;
				PRODUCT_NAME = "$(TARGET_NAME)";
				SWIFT_EMIT_LOC_STRINGS = NO;
				SWIFT_OPTIMIZATION_LEVEL = "-Onone";
				SWIFT_VERSION = 5.0;
				TARGETED_DEVICE_FAMILY = "1,2";
				TEST_TARGET_NAME = Interspace;
			};
			name = Debug;
		};
		C043D868166F2E690CC71329 /* Debug */ = {
			isa = XCBuildConfiguration;
			buildSettings = {
				BUNDLE_LOADER = "$(TEST_HOST)";
				CLANG_ENABLE_MODULES = YES;
				CODE_SIGN_STYLE = Automatic;
				CURRENT_PROJECT_VERSION = 2;
				GENERATE_INFOPLIST_FILE = YES;
				IPHONEOS_DEPLOYMENT_TARGET = 16.0;
				LD_RUNPATH_SEARCH_PATHS = (
					"$(inherited)",
					"@executable_path/Frameworks",
					"@loader_path/Frameworks",
				);
				MARKETING_VERSION = 1.0.0;
				PRODUCT_BUNDLE_IDENTIFIER = com.interspace.InterspaceTests;
				PRODUCT_NAME = "$(TARGET_NAME)";
				SWIFT_EMIT_LOC_STRINGS = NO;
				SWIFT_OPTIMIZATION_LEVEL = "-Onone";
				SWIFT_VERSION = 5.0;
				TARGETED_DEVICE_FAMILY = "1,2";
				TEST_HOST = "$(BUILT_PRODUCTS_DIR)/Interspace.app/$(BUNDLE_EXECUTABLE_FOLDER_PATH)/Interspace";
			};
			name = Debug;
		};
/* End XCBuildConfiguration section */

/* Begin XCConfigurationList section */
		13B07F931A680F5B00A75B9A /* Build configuration list for PBXNativeTarget "Interspace" */ = {
			isa = XCConfigurationList;
			buildConfigurations = (
				13B07F941A680F5B00A75B9A /* Debug */,
				13B07F951A680F5B00A75B9A /* Release */,
			);
			defaultConfigurationIsVisible = 0;
			defaultConfigurationName = Release;
		};
		2F03FE1C7A6BEA4C6C80FAFE /* Build configuration list for PBXNativeTarget "InterspaceUITests" */ = {
			isa = XCConfigurationList;
			buildConfigurations = (
				BFAFB09925C94BD7C7C6EF38 /* Debug */,
				2C936E241CBAC49A0A67585F /* Release */,
			);
			defaultConfigurationIsVisible = 0;
			defaultConfigurationName = Release;
		};
		8208C2E67C496691DB6C5485 /* Build configuration list for PBXNativeTarget "InterspaceTests" */ = {
			isa = XCConfigurationList;
			buildConfigurations = (
				C043D868166F2E690CC71329 /* Debug */,
				07F22C1559E44104C185A47C /* Release */,
			);
			defaultConfigurationIsVisible = 0;
			defaultConfigurationName = Release;
		};
		83CBB9FA1A601CBA00E9B192 /* Build configuration list for PBXProject "Interspace" */ = {
			isa = XCConfigurationList;
			buildConfigurations = (
				83CBBA201A601CBA00E9B192 /* Debug */,
				83CBBA211A601CBA00E9B192 /* Release */,
			);
			defaultConfigurationIsVisible = 0;
			defaultConfigurationName = Release;
		};
/* End XCConfigurationList section */

/* Begin XCRemoteSwiftPackageReference section */
		7861E7272E023147005D228A /* XCRemoteSwiftPackageReference "metamask-ios-sdk" */ = {
			isa = XCRemoteSwiftPackageReference;
			repositoryURL = "https://github.com/MetaMask/metamask-ios-sdk";
			requirement = {
				kind = upToNextMajorVersion;
				minimumVersion = 0.8.10;
			};
		};
		7861E7282E02317E005D228A /* XCRemoteSwiftPackageReference "wallet-mobile-sdk" */ = {
			isa = XCRemoteSwiftPackageReference;
			repositoryURL = "https://github.com/MobileWalletProtocol/wallet-mobile-sdk.git";
			requirement = {
				kind = upToNextMajorVersion;
				minimumVersion = 1.1.2;
			};
		};
		7861E7292E0231CF005D228A /* XCRemoteSwiftPackageReference "reown-swift" */ = {
			isa = XCRemoteSwiftPackageReference;
			repositoryURL = "https://github.com/reown-com/reown-swift";
			requirement = {
				kind = upToNextMajorVersion;
				minimumVersion = 1.6.5;
			};
		};
		789C7C932E02423600FF5B32 /* XCRemoteSwiftPackageReference "GoogleSignIn-iOS" */ = {
			isa = XCRemoteSwiftPackageReference;
			repositoryURL = "https://github.com/google/GoogleSignIn-iOS";
			requirement = {
				kind = upToNextMajorVersion;
				minimumVersion = 8.0.0;
			};
		};
/* End XCRemoteSwiftPackageReference section */

/* Begin XCSwiftPackageProductDependency section */
		789C7C912E02421B00FF5B32 /* metamask-ios-sdk */ = {
			isa = XCSwiftPackageProductDependency;
			package = 7861E7272E023147005D228A /* XCRemoteSwiftPackageReference "metamask-ios-sdk" */;
			productName = "metamask-ios-sdk";
		};
		789C7C942E02423600FF5B32 /* GoogleSignIn */ = {
			isa = XCSwiftPackageProductDependency;
			package = 789C7C932E02423600FF5B32 /* XCRemoteSwiftPackageReference "GoogleSignIn-iOS" */;
			productName = GoogleSignIn;
		};
		789C7C962E02424200FF5B32 /* CoinbaseWalletSDK */ = {
			isa = XCSwiftPackageProductDependency;
			package = 7861E7282E02317E005D228A /* XCRemoteSwiftPackageReference "wallet-mobile-sdk" */;
			productName = CoinbaseWalletSDK;
		};
		78CFACFD2E0DEBD900999473 /* ReownWalletKit */ = {
			isa = XCSwiftPackageProductDependency;
			package = 7861E7292E0231CF005D228A /* XCRemoteSwiftPackageReference "reown-swift" */;
			productName = ReownWalletKit;
		};
		78CFACFF2E0DEBD900999473 /* WalletConnect */ = {
			isa = XCSwiftPackageProductDependency;
			package = 7861E7292E0231CF005D228A /* XCRemoteSwiftPackageReference "reown-swift" */;
			productName = WalletConnect;
		};
		78CFC55F2E0ED25600999473 /* ReownWalletKit */ = {
			isa = XCSwiftPackageProductDependency;
			package = 7861E7292E0231CF005D228A /* XCRemoteSwiftPackageReference "reown-swift" */;
			productName = ReownWalletKit;
		};
		78CFC5612E0ED25600999473 /* WalletConnect */ = {
			isa = XCSwiftPackageProductDependency;
			package = 7861E7292E0231CF005D228A /* XCRemoteSwiftPackageReference "reown-swift" */;
			productName = WalletConnect;
		};
		78CFC5632E0ED25600999473 /* WalletConnectVerify */ = {
			isa = XCSwiftPackageProductDependency;
			package = 7861E7292E0231CF005D228A /* XCRemoteSwiftPackageReference "reown-swift" */;
			productName = WalletConnectVerify;
		};
/* End XCSwiftPackageProductDependency section */
	};
	rootObject = 83CBB9F71A601CBA00E9B192 /* Project object */;
}
